// !$*UTF8*$!
{
	archiveVersion = 1;
	classes = {
	};
	objectVersion = 46;
	objects = {

/* Begin PBXBuildFile section */
		84A66761253E881F00A22484 /* BlocksKit+UIKit.h in Headers */ = {isa = PBXBuildFile; fileRef = 84A66716253E881E00A22484 /* BlocksKit+UIKit.h */; };
		84A66762253E881F00A22484 /* NSDictionary+BlocksKit.m in Sources */ = {isa = PBXBuildFile; fileRef = 84A66718253E881E00A22484 /* NSDictionary+BlocksKit.m */; };
		84A66763253E881F00A22484 /* NSOrderedSet+BlocksKit.h in Headers */ = {isa = PBXBuildFile; fileRef = 84A66719253E881E00A22484 /* NSOrderedSet+BlocksKit.h */; };
		84A66764253E881F00A22484 /* NSMutableArray+BlocksKit.m in Sources */ = {isa = PBXBuildFile; fileRef = 84A6671A253E881E00A22484 /* NSMutableArray+BlocksKit.m */; };
		84A66765253E881F00A22484 /* NSMutableIndexSet+BlocksKit.m in Sources */ = {isa = PBXBuildFile; fileRef = 84A6671B253E881E00A22484 /* NSMutableIndexSet+BlocksKit.m */; };
		84A66766253E881F00A22484 /* NSObject+BKBlockExecution.h in Headers */ = {isa = PBXBuildFile; fileRef = 84A6671C253E881E00A22484 /* NSObject+BKBlockExecution.h */; };
		84A66767253E881F00A22484 /* NSArray+BlocksKit.h in Headers */ = {isa = PBXBuildFile; fileRef = 84A6671D253E881E00A22484 /* NSArray+BlocksKit.h */; };
		84A66768253E881F00A22484 /* NSObject+BKBlockObservation.m in Sources */ = {isa = PBXBuildFile; fileRef = 84A6671E253E881E00A22484 /* NSObject+BKBlockObservation.m */; };
		84A66769253E881F00A22484 /* NSTimer+BlocksKit.m in Sources */ = {isa = PBXBuildFile; fileRef = 84A6671F253E881E00A22484 /* NSTimer+BlocksKit.m */; };
		84A6676A253E881F00A22484 /* BKMacros.h in Headers */ = {isa = PBXBuildFile; fileRef = 84A66720253E881E00A22484 /* BKMacros.h */; };
		84A6676B253E881F00A22484 /* NSObject+BKAssociatedObjects.h in Headers */ = {isa = PBXBuildFile; fileRef = 84A66721253E881E00A22484 /* NSObject+BKAssociatedObjects.h */; };
		84A6676C253E881F00A22484 /* NSInvocation+BlocksKit.m in Sources */ = {isa = PBXBuildFile; fileRef = 84A66722253E881E00A22484 /* NSInvocation+BlocksKit.m */; };
		84A6676D253E881F00A22484 /* NSSet+BlocksKit.m in Sources */ = {isa = PBXBuildFile; fileRef = 84A66723253E881E00A22484 /* NSSet+BlocksKit.m */; };
		84A6676E253E881F00A22484 /* NSIndexSet+BlocksKit.h in Headers */ = {isa = PBXBuildFile; fileRef = 84A66724253E881E00A22484 /* NSIndexSet+BlocksKit.h */; };
		84A6676F253E881F00A22484 /* NSMutableSet+BlocksKit.h in Headers */ = {isa = PBXBuildFile; fileRef = 84A66725253E881E00A22484 /* NSMutableSet+BlocksKit.h */; };
		84A66770253E881F00A22484 /* NSMutableDictionary+BlocksKit.h in Headers */ = {isa = PBXBuildFile; fileRef = 84A66726253E881E00A22484 /* NSMutableDictionary+BlocksKit.h */; };
		84A66771253E881F00A22484 /* NSMutableOrderedSet+BlocksKit.m in Sources */ = {isa = PBXBuildFile; fileRef = 84A66727253E881E00A22484 /* NSMutableOrderedSet+BlocksKit.m */; };
		84A66772253E881F00A22484 /* NSOrderedSet+BlocksKit.m in Sources */ = {isa = PBXBuildFile; fileRef = 84A66728253E881E00A22484 /* NSOrderedSet+BlocksKit.m */; };
		84A66773253E881F00A22484 /* NSDictionary+BlocksKit.h in Headers */ = {isa = PBXBuildFile; fileRef = 84A66729253E881E00A22484 /* NSDictionary+BlocksKit.h */; };
		84A66774253E881F00A22484 /* NSObject+BKAssociatedObjects.m in Sources */ = {isa = PBXBuildFile; fileRef = 84A6672A253E881E00A22484 /* NSObject+BKAssociatedObjects.m */; };
		84A66775253E881F00A22484 /* NSTimer+BlocksKit.h in Headers */ = {isa = PBXBuildFile; fileRef = 84A6672B253E881E00A22484 /* NSTimer+BlocksKit.h */; };
		84A66776253E881F00A22484 /* NSObject+BKBlockObservation.h in Headers */ = {isa = PBXBuildFile; fileRef = 84A6672C253E881E00A22484 /* NSObject+BKBlockObservation.h */; };
		84A66777253E881F00A22484 /* NSArray+BlocksKit.m in Sources */ = {isa = PBXBuildFile; fileRef = 84A6672D253E881E00A22484 /* NSArray+BlocksKit.m */; };
		84A66778253E881F00A22484 /* NSObject+BKBlockExecution.m in Sources */ = {isa = PBXBuildFile; fileRef = 84A6672E253E881E00A22484 /* NSObject+BKBlockExecution.m */; };
		84A66779253E881F00A22484 /* NSMutableIndexSet+BlocksKit.h in Headers */ = {isa = PBXBuildFile; fileRef = 84A6672F253E881E00A22484 /* NSMutableIndexSet+BlocksKit.h */; };
		84A6677A253E881F00A22484 /* NSMutableArray+BlocksKit.h in Headers */ = {isa = PBXBuildFile; fileRef = 84A66730253E881E00A22484 /* NSMutableArray+BlocksKit.h */; };
		84A6677B253E881F00A22484 /* NSIndexSet+BlocksKit.m in Sources */ = {isa = PBXBuildFile; fileRef = 84A66731253E881E00A22484 /* NSIndexSet+BlocksKit.m */; };
		84A6677C253E881F00A22484 /* NSInvocation+BlocksKit.h in Headers */ = {isa = PBXBuildFile; fileRef = 84A66732253E881E00A22484 /* NSInvocation+BlocksKit.h */; };
		84A6677D253E881F00A22484 /* NSSet+BlocksKit.h in Headers */ = {isa = PBXBuildFile; fileRef = 84A66733253E881E00A22484 /* NSSet+BlocksKit.h */; };
		84A6677E253E881F00A22484 /* NSMutableOrderedSet+BlocksKit.h in Headers */ = {isa = PBXBuildFile; fileRef = 84A66734253E881E00A22484 /* NSMutableOrderedSet+BlocksKit.h */; };
		84A6677F253E881F00A22484 /* NSMutableDictionary+BlocksKit.m in Sources */ = {isa = PBXBuildFile; fileRef = 84A66735253E881E00A22484 /* NSMutableDictionary+BlocksKit.m */; };
		84A66780253E881F00A22484 /* NSMutableSet+BlocksKit.m in Sources */ = {isa = PBXBuildFile; fileRef = 84A66736253E881E00A22484 /* NSMutableSet+BlocksKit.m */; };
		84A66781253E881F00A22484 /* BlocksKit.h in Headers */ = {isa = PBXBuildFile; fileRef = 84A66737253E881E00A22484 /* BlocksKit.h */; };
		84A66782253E881F00A22484 /* UIImagePickerController+BlocksKit.h in Headers */ = {isa = PBXBuildFile; fileRef = 84A66739253E881F00A22484 /* UIImagePickerController+BlocksKit.h */; };
		84A66783253E881F00A22484 /* UIActionSheet+BlocksKit.h in Headers */ = {isa = PBXBuildFile; fileRef = 84A6673A253E881F00A22484 /* UIActionSheet+BlocksKit.h */; };
		84A66784253E881F00A22484 /* UIPopoverController+BlocksKit.h in Headers */ = {isa = PBXBuildFile; fileRef = 84A6673B253E881F00A22484 /* UIPopoverController+BlocksKit.h */; };
		84A66786253E881F00A22484 /* UIControl+BlocksKit.h in Headers */ = {isa = PBXBuildFile; fileRef = 84A6673D253E881F00A22484 /* UIControl+BlocksKit.h */; };
		84A66787253E881F00A22484 /* UITextField+BlocksKit.h in Headers */ = {isa = PBXBuildFile; fileRef = 84A6673E253E881F00A22484 /* UITextField+BlocksKit.h */; };
		84A66788253E881F00A22484 /* UIBarButtonItem+BlocksKit.m in Sources */ = {isa = PBXBuildFile; fileRef = 84A6673F253E881F00A22484 /* UIBarButtonItem+BlocksKit.m */; };
		84A66789253E881F00A22484 /* UIAlertView+BlocksKit.m in Sources */ = {isa = PBXBuildFile; fileRef = 84A66740253E881F00A22484 /* UIAlertView+BlocksKit.m */; };
		84A6678A253E881F00A22484 /* UIView+BlocksKit.m in Sources */ = {isa = PBXBuildFile; fileRef = 84A66741253E881F00A22484 /* UIView+BlocksKit.m */; };
		84A6678B253E881F00A22484 /* UIGestureRecognizer+BlocksKit.m in Sources */ = {isa = PBXBuildFile; fileRef = 84A66742253E881F00A22484 /* UIGestureRecognizer+BlocksKit.m */; };
		84A6678C253E881F00A22484 /* UIPopoverController+BlocksKit.m in Sources */ = {isa = PBXBuildFile; fileRef = 84A66743253E881F00A22484 /* UIPopoverController+BlocksKit.m */; };
		84A6678D253E881F00A22484 /* UIActionSheet+BlocksKit.m in Sources */ = {isa = PBXBuildFile; fileRef = 84A66744253E881F00A22484 /* UIActionSheet+BlocksKit.m */; };
		84A6678E253E881F00A22484 /* UIImagePickerController+BlocksKit.m in Sources */ = {isa = PBXBuildFile; fileRef = 84A66745253E881F00A22484 /* UIImagePickerController+BlocksKit.m */; };
		84A6678F253E881F00A22484 /* UITextField+BlocksKit.m in Sources */ = {isa = PBXBuildFile; fileRef = 84A66746253E881F00A22484 /* UITextField+BlocksKit.m */; };
		84A66790253E881F00A22484 /* UIControl+BlocksKit.m in Sources */ = {isa = PBXBuildFile; fileRef = 84A66747253E881F00A22484 /* UIControl+BlocksKit.m */; };
		84A66792253E881F00A22484 /* UIView+BlocksKit.h in Headers */ = {isa = PBXBuildFile; fileRef = 84A66749253E881F00A22484 /* UIView+BlocksKit.h */; };
		84A66793253E881F00A22484 /* UIAlertView+BlocksKit.h in Headers */ = {isa = PBXBuildFile; fileRef = 84A6674A253E881F00A22484 /* UIAlertView+BlocksKit.h */; };
		84A66794253E881F00A22484 /* UIBarButtonItem+BlocksKit.h in Headers */ = {isa = PBXBuildFile; fileRef = 84A6674B253E881F00A22484 /* UIBarButtonItem+BlocksKit.h */; };
		84A66795253E881F00A22484 /* UIGestureRecognizer+BlocksKit.h in Headers */ = {isa = PBXBuildFile; fileRef = 84A6674C253E881F00A22484 /* UIGestureRecognizer+BlocksKit.h */; };
		84A66796253E881F00A22484 /* MFMessageComposeViewController+BlocksKit.h in Headers */ = {isa = PBXBuildFile; fileRef = 84A6674E253E881F00A22484 /* MFMessageComposeViewController+BlocksKit.h */; };
		84A66797253E881F00A22484 /* MFMailComposeViewController+BlocksKit.m in Sources */ = {isa = PBXBuildFile; fileRef = 84A6674F253E881F00A22484 /* MFMailComposeViewController+BlocksKit.m */; };
		84A66798253E881F00A22484 /* MFMessageComposeViewController+BlocksKit.m in Sources */ = {isa = PBXBuildFile; fileRef = 84A66750253E881F00A22484 /* MFMessageComposeViewController+BlocksKit.m */; };
		84A66799253E881F00A22484 /* MFMailComposeViewController+BlocksKit.h in Headers */ = {isa = PBXBuildFile; fileRef = 84A66751253E881F00A22484 /* MFMailComposeViewController+BlocksKit.h */; };
		84A6679A253E881F00A22484 /* BlocksKit+MessageUI.h in Headers */ = {isa = PBXBuildFile; fileRef = 84A66752253E881F00A22484 /* BlocksKit+MessageUI.h */; };
		84A6679B253E881F00A22484 /* A2BlockInvocation.m in Sources */ = {isa = PBXBuildFile; fileRef = 84A66754253E881F00A22484 /* A2BlockInvocation.m */; };
		84A6679C253E881F00A22484 /* NSObject+A2DynamicDelegate.h in Headers */ = {isa = PBXBuildFile; fileRef = 84A66755253E881F00A22484 /* NSObject+A2DynamicDelegate.h */; };
		84A6679D253E881F00A22484 /* A2DynamicDelegate.h in Headers */ = {isa = PBXBuildFile; fileRef = 84A66756253E881F00A22484 /* A2DynamicDelegate.h */; };
		84A6679E253E881F00A22484 /* NSURLConnection+BlocksKit.h in Headers */ = {isa = PBXBuildFile; fileRef = 84A66758253E881F00A22484 /* NSURLConnection+BlocksKit.h */; };
		84A6679F253E881F00A22484 /* NSCache+BlocksKit.m in Sources */ = {isa = PBXBuildFile; fileRef = 84A66759253E881F00A22484 /* NSCache+BlocksKit.m */; };
		84A667A0253E881F00A22484 /* NSCache+BlocksKit.h in Headers */ = {isa = PBXBuildFile; fileRef = 84A6675A253E881F00A22484 /* NSCache+BlocksKit.h */; };
		84A667A1253E881F00A22484 /* NSURLConnection+BlocksKit.m in Sources */ = {isa = PBXBuildFile; fileRef = 84A6675B253E881F00A22484 /* NSURLConnection+BlocksKit.m */; };
		84A667A2253E881F00A22484 /* NSObject+A2BlockDelegate.m in Sources */ = {isa = PBXBuildFile; fileRef = 84A6675C253E881F00A22484 /* NSObject+A2BlockDelegate.m */; };
		84A667A3253E881F00A22484 /* A2BlockInvocation.h in Headers */ = {isa = PBXBuildFile; fileRef = 84A6675D253E881F00A22484 /* A2BlockInvocation.h */; };
		84A667A4253E881F00A22484 /* A2DynamicDelegate.m in Sources */ = {isa = PBXBuildFile; fileRef = 84A6675E253E881F00A22484 /* A2DynamicDelegate.m */; };
		84A667A5253E881F00A22484 /* NSObject+A2DynamicDelegate.m in Sources */ = {isa = PBXBuildFile; fileRef = 84A6675F253E881F00A22484 /* NSObject+A2DynamicDelegate.m */; };
		84A667A6253E881F00A22484 /* NSObject+A2BlockDelegate.h in Headers */ = {isa = PBXBuildFile; fileRef = 84A66760253E881F00A22484 /* NSObject+A2BlockDelegate.h */; };
		DB4CA5621B3A67A3004B70F8 /* BKMacrosTest.m in Sources */ = {isa = PBXBuildFile; fileRef = DB4CA53B1B3A67A3004B70F8 /* BKMacrosTest.m */; };
		DB4CA5631B3A67A3004B70F8 /* BKMacrosTest.m in Sources */ = {isa = PBXBuildFile; fileRef = DB4CA53B1B3A67A3004B70F8 /* BKMacrosTest.m */; };
		DB4CA5651B3A67A3004B70F8 /* NSArrayBlocksKitTest.m in Sources */ = {isa = PBXBuildFile; fileRef = DB4CA53C1B3A67A3004B70F8 /* NSArrayBlocksKitTest.m */; };
		DB4CA5661B3A67A3004B70F8 /* NSArrayBlocksKitTest.m in Sources */ = {isa = PBXBuildFile; fileRef = DB4CA53C1B3A67A3004B70F8 /* NSArrayBlocksKitTest.m */; };
		DB4CA5681B3A67A3004B70F8 /* NSDictionaryBlocksKitTest.m in Sources */ = {isa = PBXBuildFile; fileRef = DB4CA53D1B3A67A3004B70F8 /* NSDictionaryBlocksKitTest.m */; };
		DB4CA5691B3A67A3004B70F8 /* NSDictionaryBlocksKitTest.m in Sources */ = {isa = PBXBuildFile; fileRef = DB4CA53D1B3A67A3004B70F8 /* NSDictionaryBlocksKitTest.m */; };
		DB4CA56B1B3A67A3004B70F8 /* NSIndexSetBlocksKitTest.m in Sources */ = {isa = PBXBuildFile; fileRef = DB4CA53E1B3A67A3004B70F8 /* NSIndexSetBlocksKitTest.m */; };
		DB4CA56C1B3A67A3004B70F8 /* NSIndexSetBlocksKitTest.m in Sources */ = {isa = PBXBuildFile; fileRef = DB4CA53E1B3A67A3004B70F8 /* NSIndexSetBlocksKitTest.m */; };
		DB4CA56E1B3A67A3004B70F8 /* NSInvocationBlocksKitTest.m in Sources */ = {isa = PBXBuildFile; fileRef = DB4CA53F1B3A67A3004B70F8 /* NSInvocationBlocksKitTest.m */; };
		DB4CA56F1B3A67A3004B70F8 /* NSInvocationBlocksKitTest.m in Sources */ = {isa = PBXBuildFile; fileRef = DB4CA53F1B3A67A3004B70F8 /* NSInvocationBlocksKitTest.m */; };
		DB4CA5711B3A67A3004B70F8 /* NSMapTableBlocksKitTest.m in Sources */ = {isa = PBXBuildFile; fileRef = DB4CA5401B3A67A3004B70F8 /* NSMapTableBlocksKitTest.m */; };
		DB4CA5721B3A67A3004B70F8 /* NSMapTableBlocksKitTest.m in Sources */ = {isa = PBXBuildFile; fileRef = DB4CA5401B3A67A3004B70F8 /* NSMapTableBlocksKitTest.m */; };
		DB4CA5741B3A67A3004B70F8 /* NSMutableArrayBlocksKitTest.m in Sources */ = {isa = PBXBuildFile; fileRef = DB4CA5411B3A67A3004B70F8 /* NSMutableArrayBlocksKitTest.m */; };
		DB4CA5751B3A67A3004B70F8 /* NSMutableArrayBlocksKitTest.m in Sources */ = {isa = PBXBuildFile; fileRef = DB4CA5411B3A67A3004B70F8 /* NSMutableArrayBlocksKitTest.m */; };
		DB4CA5771B3A67A3004B70F8 /* NSMutableDictionaryBlocksKitTest.m in Sources */ = {isa = PBXBuildFile; fileRef = DB4CA5421B3A67A3004B70F8 /* NSMutableDictionaryBlocksKitTest.m */; };
		DB4CA5781B3A67A3004B70F8 /* NSMutableDictionaryBlocksKitTest.m in Sources */ = {isa = PBXBuildFile; fileRef = DB4CA5421B3A67A3004B70F8 /* NSMutableDictionaryBlocksKitTest.m */; };
		DB4CA57A1B3A67A3004B70F8 /* NSMutableIndexSetBlocksKitTest.m in Sources */ = {isa = PBXBuildFile; fileRef = DB4CA5431B3A67A3004B70F8 /* NSMutableIndexSetBlocksKitTest.m */; };
		DB4CA57B1B3A67A3004B70F8 /* NSMutableIndexSetBlocksKitTest.m in Sources */ = {isa = PBXBuildFile; fileRef = DB4CA5431B3A67A3004B70F8 /* NSMutableIndexSetBlocksKitTest.m */; };
		DB4CA57D1B3A67A3004B70F8 /* NSMutableOrderedSetBlocksKitTest.m in Sources */ = {isa = PBXBuildFile; fileRef = DB4CA5441B3A67A3004B70F8 /* NSMutableOrderedSetBlocksKitTest.m */; };
		DB4CA57E1B3A67A3004B70F8 /* NSMutableOrderedSetBlocksKitTest.m in Sources */ = {isa = PBXBuildFile; fileRef = DB4CA5441B3A67A3004B70F8 /* NSMutableOrderedSetBlocksKitTest.m */; };
		DB4CA5801B3A67A3004B70F8 /* NSMutableSetBlocksKitTest.m in Sources */ = {isa = PBXBuildFile; fileRef = DB4CA5451B3A67A3004B70F8 /* NSMutableSetBlocksKitTest.m */; };
		DB4CA5811B3A67A3004B70F8 /* NSMutableSetBlocksKitTest.m in Sources */ = {isa = PBXBuildFile; fileRef = DB4CA5451B3A67A3004B70F8 /* NSMutableSetBlocksKitTest.m */; };
		DB4CA5831B3A67A3004B70F8 /* NSObjectAssociatedObjectTest.m in Sources */ = {isa = PBXBuildFile; fileRef = DB4CA5461B3A67A3004B70F8 /* NSObjectAssociatedObjectTest.m */; };
		DB4CA5841B3A67A3004B70F8 /* NSObjectAssociatedObjectTest.m in Sources */ = {isa = PBXBuildFile; fileRef = DB4CA5461B3A67A3004B70F8 /* NSObjectAssociatedObjectTest.m */; };
		DB4CA5861B3A67A3004B70F8 /* NSObjectBlockObservationTest.m in Sources */ = {isa = PBXBuildFile; fileRef = DB4CA5471B3A67A3004B70F8 /* NSObjectBlockObservationTest.m */; };
		DB4CA5871B3A67A3004B70F8 /* NSObjectBlockObservationTest.m in Sources */ = {isa = PBXBuildFile; fileRef = DB4CA5471B3A67A3004B70F8 /* NSObjectBlockObservationTest.m */; };
		DB4CA5891B3A67A3004B70F8 /* NSObjectBlocksKitTest.m in Sources */ = {isa = PBXBuildFile; fileRef = DB4CA5481B3A67A3004B70F8 /* NSObjectBlocksKitTest.m */; };
		DB4CA58A1B3A67A3004B70F8 /* NSObjectBlocksKitTest.m in Sources */ = {isa = PBXBuildFile; fileRef = DB4CA5481B3A67A3004B70F8 /* NSObjectBlocksKitTest.m */; };
		DB4CA58C1B3A67A3004B70F8 /* NSOrderedSetBlocksKitTest.m in Sources */ = {isa = PBXBuildFile; fileRef = DB4CA5491B3A67A3004B70F8 /* NSOrderedSetBlocksKitTest.m */; };
		DB4CA58D1B3A67A3004B70F8 /* NSOrderedSetBlocksKitTest.m in Sources */ = {isa = PBXBuildFile; fileRef = DB4CA5491B3A67A3004B70F8 /* NSOrderedSetBlocksKitTest.m */; };
		DB4CA58F1B3A67A3004B70F8 /* NSSetBlocksKitTest.m in Sources */ = {isa = PBXBuildFile; fileRef = DB4CA54A1B3A67A3004B70F8 /* NSSetBlocksKitTest.m */; };
		DB4CA5901B3A67A3004B70F8 /* NSSetBlocksKitTest.m in Sources */ = {isa = PBXBuildFile; fileRef = DB4CA54A1B3A67A3004B70F8 /* NSSetBlocksKitTest.m */; };
		DB4CA5921B3A67A3004B70F8 /* NSTimerBlocksKitTest.m in Sources */ = {isa = PBXBuildFile; fileRef = DB4CA54B1B3A67A3004B70F8 /* NSTimerBlocksKitTest.m */; };
		DB4CA5931B3A67A3004B70F8 /* NSTimerBlocksKitTest.m in Sources */ = {isa = PBXBuildFile; fileRef = DB4CA54B1B3A67A3004B70F8 /* NSTimerBlocksKitTest.m */; };
		DB4CA5951B3A67A3004B70F8 /* A2BlockDelegateTests.m in Sources */ = {isa = PBXBuildFile; fileRef = DB4CA54D1B3A67A3004B70F8 /* A2BlockDelegateTests.m */; };
		DB4CA5961B3A67A3004B70F8 /* A2BlockDelegateTests.m in Sources */ = {isa = PBXBuildFile; fileRef = DB4CA54D1B3A67A3004B70F8 /* A2BlockDelegateTests.m */; };
		DB4CA5981B3A67A3004B70F8 /* A2BlockInvocationTests.m in Sources */ = {isa = PBXBuildFile; fileRef = DB4CA54E1B3A67A3004B70F8 /* A2BlockInvocationTests.m */; };
		DB4CA5991B3A67A3004B70F8 /* A2BlockInvocationTests.m in Sources */ = {isa = PBXBuildFile; fileRef = DB4CA54E1B3A67A3004B70F8 /* A2BlockInvocationTests.m */; };
		DB4CA59B1B3A67A3004B70F8 /* A2DynamicDelegateTests.m in Sources */ = {isa = PBXBuildFile; fileRef = DB4CA54F1B3A67A3004B70F8 /* A2DynamicDelegateTests.m */; };
		DB4CA59C1B3A67A3004B70F8 /* A2DynamicDelegateTests.m in Sources */ = {isa = PBXBuildFile; fileRef = DB4CA54F1B3A67A3004B70F8 /* A2DynamicDelegateTests.m */; };
		DB4CA59E1B3A67A3004B70F8 /* A2DynamicTestClasses+A2BlockDelegate.m in Sources */ = {isa = PBXBuildFile; fileRef = DB4CA5511B3A67A3004B70F8 /* A2DynamicTestClasses+A2BlockDelegate.m */; };
		DB4CA59F1B3A67A3004B70F8 /* A2DynamicTestClasses+A2BlockDelegate.m in Sources */ = {isa = PBXBuildFile; fileRef = DB4CA5511B3A67A3004B70F8 /* A2DynamicTestClasses+A2BlockDelegate.m */; };
		DB4CA5A11B3A67A3004B70F8 /* A2DynamicTestClasses.m in Sources */ = {isa = PBXBuildFile; fileRef = DB4CA5531B3A67A3004B70F8 /* A2DynamicTestClasses.m */; };
		DB4CA5A21B3A67A3004B70F8 /* A2DynamicTestClasses.m in Sources */ = {isa = PBXBuildFile; fileRef = DB4CA5531B3A67A3004B70F8 /* A2DynamicTestClasses.m */; };
		DB4CA5A41B3A67A3004B70F8 /* NSCacheBlocksKitTest.m in Sources */ = {isa = PBXBuildFile; fileRef = DB4CA5541B3A67A3004B70F8 /* NSCacheBlocksKitTest.m */; };
		DB4CA5A51B3A67A3004B70F8 /* NSCacheBlocksKitTest.m in Sources */ = {isa = PBXBuildFile; fileRef = DB4CA5541B3A67A3004B70F8 /* NSCacheBlocksKitTest.m */; };
		DB4CA5A71B3A67A3004B70F8 /* NSURLConnectionBlocksKitTest.m in Sources */ = {isa = PBXBuildFile; fileRef = DB4CA5551B3A67A3004B70F8 /* NSURLConnectionBlocksKitTest.m */; };
		DB4CA5A81B3A67A3004B70F8 /* NSURLConnectionBlocksKitTest.m in Sources */ = {isa = PBXBuildFile; fileRef = DB4CA5551B3A67A3004B70F8 /* NSURLConnectionBlocksKitTest.m */; };
		DB4CA5AB1B3A67A3004B70F8 /* MFMailComposeViewControllerBlocksKitTest.m in Sources */ = {isa = PBXBuildFile; fileRef = DB4CA5571B3A67A3004B70F8 /* MFMailComposeViewControllerBlocksKitTest.m */; };
		DB4CA5AE1B3A67A3004B70F8 /* MFMessageComposeViewControllerBlocksKitTest.m in Sources */ = {isa = PBXBuildFile; fileRef = DB4CA5581B3A67A3004B70F8 /* MFMessageComposeViewControllerBlocksKitTest.m */; };
		DB4CA5B11B3A67A3004B70F8 /* QLPreviewControllerBlocksKitTest.m in Sources */ = {isa = PBXBuildFile; fileRef = DB4CA55A1B3A67A3004B70F8 /* QLPreviewControllerBlocksKitTest.m */; };
		DB4CA5B41B3A67A3004B70F8 /* UIActionSheetBlocksKitTest.m in Sources */ = {isa = PBXBuildFile; fileRef = DB4CA55C1B3A67A3004B70F8 /* UIActionSheetBlocksKitTest.m */; };
		DB4CA5B71B3A67A3004B70F8 /* UIAlertViewBlocksKitTest.m in Sources */ = {isa = PBXBuildFile; fileRef = DB4CA55D1B3A67A3004B70F8 /* UIAlertViewBlocksKitTest.m */; };
		DB4CA5BA1B3A67A3004B70F8 /* UIControlBlocksKitTest.m in Sources */ = {isa = PBXBuildFile; fileRef = DB4CA55E1B3A67A3004B70F8 /* UIControlBlocksKitTest.m */; };
		DB4CA5BD1B3A67A3004B70F8 /* UIImagePickerControllerBlocksKitTest.m in Sources */ = {isa = PBXBuildFile; fileRef = DB4CA55F1B3A67A3004B70F8 /* UIImagePickerControllerBlocksKitTest.m */; };
		DB4CA5C01B3A67A3004B70F8 /* UITextFieldBlocksKitTest.m in Sources */ = {isa = PBXBuildFile; fileRef = DB4CA5601B3A67A3004B70F8 /* UITextFieldBlocksKitTest.m */; };
		DB4CA5CD1B3A6819004B70F8 /* BKApp.m in Sources */ = {isa = PBXBuildFile; fileRef = DB4CA5CA1B3A6810004B70F8 /* BKApp.m */; };
		DB4CA5D01B3A7A08004B70F8 /* BlocksKit.framework in Frameworks */ = {isa = PBXBuildFile; fileRef = DB9B96371B3A52E500940D20 /* BlocksKit.framework */; };
		DB4CA5D11B3A7A08004B70F8 /* BlocksKit.framework in Embed Frameworks */ = {isa = PBXBuildFile; fileRef = DB9B96371B3A52E500940D20 /* BlocksKit.framework */; settings = {ATTRIBUTES = (CodeSignOnCopy, RemoveHeadersOnCopy, ); }; };
		DB4CA5D51B3A7A1D004B70F8 /* main.m in Sources */ = {isa = PBXBuildFile; fileRef = DB4CA5CC1B3A6810004B70F8 /* main.m */; };
		DB4CA5D61B3A7A22004B70F8 /* MainMenu.xib in Resources */ = {isa = PBXBuildFile; fileRef = DB4CA5C71B3A6810004B70F8 /* MainMenu.xib */; };
		DB9B96231B3A52A700940D20 /* BlocksKit.framework in Frameworks */ = {isa = PBXBuildFile; fileRef = DB9B96181B3A52A700940D20 /* BlocksKit.framework */; };
		DB9B96411B3A52E500940D20 /* BlocksKit.framework in Frameworks */ = {isa = PBXBuildFile; fileRef = DB9B96371B3A52E500940D20 /* BlocksKit.framework */; };
/* End PBXBuildFile section */

/* Begin PBXContainerItemProxy section */
		DB4CA5D21B3A7A08004B70F8 /* PBXContainerItemProxy */ = {
			isa = PBXContainerItemProxy;
			containerPortal = DB9B960F1B3A52A700940D20 /* Project object */;
			proxyType = 1;
			remoteGlobalIDString = DB9B96361B3A52E500940D20;
			remoteInfo = BlocksKit;
		};
		DB9B96241B3A52A700940D20 /* PBXContainerItemProxy */ = {
			isa = PBXContainerItemProxy;
			containerPortal = DB9B960F1B3A52A700940D20 /* Project object */;
			proxyType = 1;
			remoteGlobalIDString = DB9B96171B3A52A700940D20;
			remoteInfo = BlocksKit;
		};
		DB9B96421B3A52E500940D20 /* PBXContainerItemProxy */ = {
			isa = PBXContainerItemProxy;
			containerPortal = DB9B960F1B3A52A700940D20 /* Project object */;
			proxyType = 1;
			remoteGlobalIDString = DB9B96361B3A52E500940D20;
			remoteInfo = BlocksKitMac;
		};
/* End PBXContainerItemProxy section */

/* Begin PBXCopyFilesBuildPhase section */
		DB4CA5D41B3A7A08004B70F8 /* Embed Frameworks */ = {
			isa = PBXCopyFilesBuildPhase;
			buildActionMask = 2147483647;
			dstPath = "";
			dstSubfolderSpec = 10;
			files = (
				DB4CA5D11B3A7A08004B70F8 /* BlocksKit.framework in Embed Frameworks */,
			);
			name = "Embed Frameworks";
			runOnlyForDeploymentPostprocessing = 0;
		};
		DB9B96501B3A531F00940D20 /* CopyFiles */ = {
			isa = PBXCopyFilesBuildPhase;
			buildActionMask = 2147483647;
			dstPath = "include/$(PRODUCT_NAME)";
			dstSubfolderSpec = 16;
			files = (
			);
			runOnlyForDeploymentPostprocessing = 0;
		};
/* End PBXCopyFilesBuildPhase section */

/* Begin PBXFileReference section */
		84A66716253E881E00A22484 /* BlocksKit+UIKit.h */ = {isa = PBXFileReference; fileEncoding = 4; lastKnownFileType = sourcecode.c.h; path = "BlocksKit+UIKit.h"; sourceTree = "<group>"; };
		84A66718253E881E00A22484 /* NSDictionary+BlocksKit.m */ = {isa = PBXFileReference; fileEncoding = 4; lastKnownFileType = sourcecode.c.objc; path = "NSDictionary+BlocksKit.m"; sourceTree = "<group>"; };
		84A66719253E881E00A22484 /* NSOrderedSet+BlocksKit.h */ = {isa = PBXFileReference; fileEncoding = 4; lastKnownFileType = sourcecode.c.h; path = "NSOrderedSet+BlocksKit.h"; sourceTree = "<group>"; };
		84A6671A253E881E00A22484 /* NSMutableArray+BlocksKit.m */ = {isa = PBXFileReference; fileEncoding = 4; lastKnownFileType = sourcecode.c.objc; path = "NSMutableArray+BlocksKit.m"; sourceTree = "<group>"; };
		84A6671B253E881E00A22484 /* NSMutableIndexSet+BlocksKit.m */ = {isa = PBXFileReference; fileEncoding = 4; lastKnownFileType = sourcecode.c.objc; path = "NSMutableIndexSet+BlocksKit.m"; sourceTree = "<group>"; };
		84A6671C253E881E00A22484 /* NSObject+BKBlockExecution.h */ = {isa = PBXFileReference; fileEncoding = 4; lastKnownFileType = sourcecode.c.h; path = "NSObject+BKBlockExecution.h"; sourceTree = "<group>"; };
		84A6671D253E881E00A22484 /* NSArray+BlocksKit.h */ = {isa = PBXFileReference; fileEncoding = 4; lastKnownFileType = sourcecode.c.h; path = "NSArray+BlocksKit.h"; sourceTree = "<group>"; };
		84A6671E253E881E00A22484 /* NSObject+BKBlockObservation.m */ = {isa = PBXFileReference; fileEncoding = 4; lastKnownFileType = sourcecode.c.objc; path = "NSObject+BKBlockObservation.m"; sourceTree = "<group>"; };
		84A6671F253E881E00A22484 /* NSTimer+BlocksKit.m */ = {isa = PBXFileReference; fileEncoding = 4; lastKnownFileType = sourcecode.c.objc; path = "NSTimer+BlocksKit.m"; sourceTree = "<group>"; };
		84A66720253E881E00A22484 /* BKMacros.h */ = {isa = PBXFileReference; fileEncoding = 4; lastKnownFileType = sourcecode.c.h; path = BKMacros.h; sourceTree = "<group>"; };
		84A66721253E881E00A22484 /* NSObject+BKAssociatedObjects.h */ = {isa = PBXFileReference; fileEncoding = 4; lastKnownFileType = sourcecode.c.h; path = "NSObject+BKAssociatedObjects.h"; sourceTree = "<group>"; };
		84A66722253E881E00A22484 /* NSInvocation+BlocksKit.m */ = {isa = PBXFileReference; fileEncoding = 4; lastKnownFileType = sourcecode.c.objc; path = "NSInvocation+BlocksKit.m"; sourceTree = "<group>"; };
		84A66723253E881E00A22484 /* NSSet+BlocksKit.m */ = {isa = PBXFileReference; fileEncoding = 4; lastKnownFileType = sourcecode.c.objc; path = "NSSet+BlocksKit.m"; sourceTree = "<group>"; };
		84A66724253E881E00A22484 /* NSIndexSet+BlocksKit.h */ = {isa = PBXFileReference; fileEncoding = 4; lastKnownFileType = sourcecode.c.h; path = "NSIndexSet+BlocksKit.h"; sourceTree = "<group>"; };
		84A66725253E881E00A22484 /* NSMutableSet+BlocksKit.h */ = {isa = PBXFileReference; fileEncoding = 4; lastKnownFileType = sourcecode.c.h; path = "NSMutableSet+BlocksKit.h"; sourceTree = "<group>"; };
		84A66726253E881E00A22484 /* NSMutableDictionary+BlocksKit.h */ = {isa = PBXFileReference; fileEncoding = 4; lastKnownFileType = sourcecode.c.h; path = "NSMutableDictionary+BlocksKit.h"; sourceTree = "<group>"; };
		84A66727253E881E00A22484 /* NSMutableOrderedSet+BlocksKit.m */ = {isa = PBXFileReference; fileEncoding = 4; lastKnownFileType = sourcecode.c.objc; path = "NSMutableOrderedSet+BlocksKit.m"; sourceTree = "<group>"; };
		84A66728253E881E00A22484 /* NSOrderedSet+BlocksKit.m */ = {isa = PBXFileReference; fileEncoding = 4; lastKnownFileType = sourcecode.c.objc; path = "NSOrderedSet+BlocksKit.m"; sourceTree = "<group>"; };
		84A66729253E881E00A22484 /* NSDictionary+BlocksKit.h */ = {isa = PBXFileReference; fileEncoding = 4; lastKnownFileType = sourcecode.c.h; path = "NSDictionary+BlocksKit.h"; sourceTree = "<group>"; };
		84A6672A253E881E00A22484 /* NSObject+BKAssociatedObjects.m */ = {isa = PBXFileReference; fileEncoding = 4; lastKnownFileType = sourcecode.c.objc; path = "NSObject+BKAssociatedObjects.m"; sourceTree = "<group>"; };
		84A6672B253E881E00A22484 /* NSTimer+BlocksKit.h */ = {isa = PBXFileReference; fileEncoding = 4; lastKnownFileType = sourcecode.c.h; path = "NSTimer+BlocksKit.h"; sourceTree = "<group>"; };
		84A6672C253E881E00A22484 /* NSObject+BKBlockObservation.h */ = {isa = PBXFileReference; fileEncoding = 4; lastKnownFileType = sourcecode.c.h; path = "NSObject+BKBlockObservation.h"; sourceTree = "<group>"; };
		84A6672D253E881E00A22484 /* NSArray+BlocksKit.m */ = {isa = PBXFileReference; fileEncoding = 4; lastKnownFileType = sourcecode.c.objc; path = "NSArray+BlocksKit.m"; sourceTree = "<group>"; };
		84A6672E253E881E00A22484 /* NSObject+BKBlockExecution.m */ = {isa = PBXFileReference; fileEncoding = 4; lastKnownFileType = sourcecode.c.objc; path = "NSObject+BKBlockExecution.m"; sourceTree = "<group>"; };
		84A6672F253E881E00A22484 /* NSMutableIndexSet+BlocksKit.h */ = {isa = PBXFileReference; fileEncoding = 4; lastKnownFileType = sourcecode.c.h; path = "NSMutableIndexSet+BlocksKit.h"; sourceTree = "<group>"; };
		84A66730253E881E00A22484 /* NSMutableArray+BlocksKit.h */ = {isa = PBXFileReference; fileEncoding = 4; lastKnownFileType = sourcecode.c.h; path = "NSMutableArray+BlocksKit.h"; sourceTree = "<group>"; };
		84A66731253E881E00A22484 /* NSIndexSet+BlocksKit.m */ = {isa = PBXFileReference; fileEncoding = 4; lastKnownFileType = sourcecode.c.objc; path = "NSIndexSet+BlocksKit.m"; sourceTree = "<group>"; };
		84A66732253E881E00A22484 /* NSInvocation+BlocksKit.h */ = {isa = PBXFileReference; fileEncoding = 4; lastKnownFileType = sourcecode.c.h; path = "NSInvocation+BlocksKit.h"; sourceTree = "<group>"; };
		84A66733253E881E00A22484 /* NSSet+BlocksKit.h */ = {isa = PBXFileReference; fileEncoding = 4; lastKnownFileType = sourcecode.c.h; path = "NSSet+BlocksKit.h"; sourceTree = "<group>"; };
		84A66734253E881E00A22484 /* NSMutableOrderedSet+BlocksKit.h */ = {isa = PBXFileReference; fileEncoding = 4; lastKnownFileType = sourcecode.c.h; path = "NSMutableOrderedSet+BlocksKit.h"; sourceTree = "<group>"; };
		84A66735253E881E00A22484 /* NSMutableDictionary+BlocksKit.m */ = {isa = PBXFileReference; fileEncoding = 4; lastKnownFileType = sourcecode.c.objc; path = "NSMutableDictionary+BlocksKit.m"; sourceTree = "<group>"; };
		84A66736253E881E00A22484 /* NSMutableSet+BlocksKit.m */ = {isa = PBXFileReference; fileEncoding = 4; lastKnownFileType = sourcecode.c.objc; path = "NSMutableSet+BlocksKit.m"; sourceTree = "<group>"; };
		84A66737253E881E00A22484 /* BlocksKit.h */ = {isa = PBXFileReference; fileEncoding = 4; lastKnownFileType = sourcecode.c.h; path = BlocksKit.h; sourceTree = "<group>"; };
		84A66739253E881F00A22484 /* UIImagePickerController+BlocksKit.h */ = {isa = PBXFileReference; fileEncoding = 4; lastKnownFileType = sourcecode.c.h; path = "UIImagePickerController+BlocksKit.h"; sourceTree = "<group>"; };
		84A6673A253E881F00A22484 /* UIActionSheet+BlocksKit.h */ = {isa = PBXFileReference; fileEncoding = 4; lastKnownFileType = sourcecode.c.h; path = "UIActionSheet+BlocksKit.h"; sourceTree = "<group>"; };
		84A6673B253E881F00A22484 /* UIPopoverController+BlocksKit.h */ = {isa = PBXFileReference; fileEncoding = 4; lastKnownFileType = sourcecode.c.h; path = "UIPopoverController+BlocksKit.h"; sourceTree = "<group>"; };
		84A6673D253E881F00A22484 /* UIControl+BlocksKit.h */ = {isa = PBXFileReference; fileEncoding = 4; lastKnownFileType = sourcecode.c.h; path = "UIControl+BlocksKit.h"; sourceTree = "<group>"; };
		84A6673E253E881F00A22484 /* UITextField+BlocksKit.h */ = {isa = PBXFileReference; fileEncoding = 4; lastKnownFileType = sourcecode.c.h; path = "UITextField+BlocksKit.h"; sourceTree = "<group>"; };
		84A6673F253E881F00A22484 /* UIBarButtonItem+BlocksKit.m */ = {isa = PBXFileReference; fileEncoding = 4; lastKnownFileType = sourcecode.c.objc; path = "UIBarButtonItem+BlocksKit.m"; sourceTree = "<group>"; };
		84A66740253E881F00A22484 /* UIAlertView+BlocksKit.m */ = {isa = PBXFileReference; fileEncoding = 4; lastKnownFileType = sourcecode.c.objc; path = "UIAlertView+BlocksKit.m"; sourceTree = "<group>"; };
		84A66741253E881F00A22484 /* UIView+BlocksKit.m */ = {isa = PBXFileReference; fileEncoding = 4; lastKnownFileType = sourcecode.c.objc; path = "UIView+BlocksKit.m"; sourceTree = "<group>"; };
		84A66742253E881F00A22484 /* UIGestureRecognizer+BlocksKit.m */ = {isa = PBXFileReference; fileEncoding = 4; lastKnownFileType = sourcecode.c.objc; path = "UIGestureRecognizer+BlocksKit.m"; sourceTree = "<group>"; };
		84A66743253E881F00A22484 /* UIPopoverController+BlocksKit.m */ = {isa = PBXFileReference; fileEncoding = 4; lastKnownFileType = sourcecode.c.objc; path = "UIPopoverController+BlocksKit.m"; sourceTree = "<group>"; };
		84A66744253E881F00A22484 /* UIActionSheet+BlocksKit.m */ = {isa = PBXFileReference; fileEncoding = 4; lastKnownFileType = sourcecode.c.objc; path = "UIActionSheet+BlocksKit.m"; sourceTree = "<group>"; };
		84A66745253E881F00A22484 /* UIImagePickerController+BlocksKit.m */ = {isa = PBXFileReference; fileEncoding = 4; lastKnownFileType = sourcecode.c.objc; path = "UIImagePickerController+BlocksKit.m"; sourceTree = "<group>"; };
		84A66746253E881F00A22484 /* UITextField+BlocksKit.m */ = {isa = PBXFileReference; fileEncoding = 4; lastKnownFileType = sourcecode.c.objc; path = "UITextField+BlocksKit.m"; sourceTree = "<group>"; };
		84A66747253E881F00A22484 /* UIControl+BlocksKit.m */ = {isa = PBXFileReference; fileEncoding = 4; lastKnownFileType = sourcecode.c.objc; path = "UIControl+BlocksKit.m"; sourceTree = "<group>"; };
		84A66749253E881F00A22484 /* UIView+BlocksKit.h */ = {isa = PBXFileReference; fileEncoding = 4; lastKnownFileType = sourcecode.c.h; path = "UIView+BlocksKit.h"; sourceTree = "<group>"; };
		84A6674A253E881F00A22484 /* UIAlertView+BlocksKit.h */ = {isa = PBXFileReference; fileEncoding = 4; lastKnownFileType = sourcecode.c.h; path = "UIAlertView+BlocksKit.h"; sourceTree = "<group>"; };
		84A6674B253E881F00A22484 /* UIBarButtonItem+BlocksKit.h */ = {isa = PBXFileReference; fileEncoding = 4; lastKnownFileType = sourcecode.c.h; path = "UIBarButtonItem+BlocksKit.h"; sourceTree = "<group>"; };
		84A6674C253E881F00A22484 /* UIGestureRecognizer+BlocksKit.h */ = {isa = PBXFileReference; fileEncoding = 4; lastKnownFileType = sourcecode.c.h; path = "UIGestureRecognizer+BlocksKit.h"; sourceTree = "<group>"; };
		84A6674E253E881F00A22484 /* MFMessageComposeViewController+BlocksKit.h */ = {isa = PBXFileReference; fileEncoding = 4; lastKnownFileType = sourcecode.c.h; path = "MFMessageComposeViewController+BlocksKit.h"; sourceTree = "<group>"; };
		84A6674F253E881F00A22484 /* MFMailComposeViewController+BlocksKit.m */ = {isa = PBXFileReference; fileEncoding = 4; lastKnownFileType = sourcecode.c.objc; path = "MFMailComposeViewController+BlocksKit.m"; sourceTree = "<group>"; };
		84A66750253E881F00A22484 /* MFMessageComposeViewController+BlocksKit.m */ = {isa = PBXFileReference; fileEncoding = 4; lastKnownFileType = sourcecode.c.objc; path = "MFMessageComposeViewController+BlocksKit.m"; sourceTree = "<group>"; };
		84A66751253E881F00A22484 /* MFMailComposeViewController+BlocksKit.h */ = {isa = PBXFileReference; fileEncoding = 4; lastKnownFileType = sourcecode.c.h; path = "MFMailComposeViewController+BlocksKit.h"; sourceTree = "<group>"; };
		84A66752253E881F00A22484 /* BlocksKit+MessageUI.h */ = {isa = PBXFileReference; fileEncoding = 4; lastKnownFileType = sourcecode.c.h; path = "BlocksKit+MessageUI.h"; sourceTree = "<group>"; };
		84A66754253E881F00A22484 /* A2BlockInvocation.m */ = {isa = PBXFileReference; fileEncoding = 4; lastKnownFileType = sourcecode.c.objc; path = A2BlockInvocation.m; sourceTree = "<group>"; };
		84A66755253E881F00A22484 /* NSObject+A2DynamicDelegate.h */ = {isa = PBXFileReference; fileEncoding = 4; lastKnownFileType = sourcecode.c.h; path = "NSObject+A2DynamicDelegate.h"; sourceTree = "<group>"; };
		84A66756253E881F00A22484 /* A2DynamicDelegate.h */ = {isa = PBXFileReference; fileEncoding = 4; lastKnownFileType = sourcecode.c.h; path = A2DynamicDelegate.h; sourceTree = "<group>"; };
		84A66758253E881F00A22484 /* NSURLConnection+BlocksKit.h */ = {isa = PBXFileReference; fileEncoding = 4; lastKnownFileType = sourcecode.c.h; path = "NSURLConnection+BlocksKit.h"; sourceTree = "<group>"; };
		84A66759253E881F00A22484 /* NSCache+BlocksKit.m */ = {isa = PBXFileReference; fileEncoding = 4; lastKnownFileType = sourcecode.c.objc; path = "NSCache+BlocksKit.m"; sourceTree = "<group>"; };
		84A6675A253E881F00A22484 /* NSCache+BlocksKit.h */ = {isa = PBXFileReference; fileEncoding = 4; lastKnownFileType = sourcecode.c.h; path = "NSCache+BlocksKit.h"; sourceTree = "<group>"; };
		84A6675B253E881F00A22484 /* NSURLConnection+BlocksKit.m */ = {isa = PBXFileReference; fileEncoding = 4; lastKnownFileType = sourcecode.c.objc; path = "NSURLConnection+BlocksKit.m"; sourceTree = "<group>"; };
		84A6675C253E881F00A22484 /* NSObject+A2BlockDelegate.m */ = {isa = PBXFileReference; fileEncoding = 4; lastKnownFileType = sourcecode.c.objc; path = "NSObject+A2BlockDelegate.m"; sourceTree = "<group>"; };
		84A6675D253E881F00A22484 /* A2BlockInvocation.h */ = {isa = PBXFileReference; fileEncoding = 4; lastKnownFileType = sourcecode.c.h; path = A2BlockInvocation.h; sourceTree = "<group>"; };
		84A6675E253E881F00A22484 /* A2DynamicDelegate.m */ = {isa = PBXFileReference; fileEncoding = 4; lastKnownFileType = sourcecode.c.objc; path = A2DynamicDelegate.m; sourceTree = "<group>"; };
		84A6675F253E881F00A22484 /* NSObject+A2DynamicDelegate.m */ = {isa = PBXFileReference; fileEncoding = 4; lastKnownFileType = sourcecode.c.objc; path = "NSObject+A2DynamicDelegate.m"; sourceTree = "<group>"; };
		84A66760253E881F00A22484 /* NSObject+A2BlockDelegate.h */ = {isa = PBXFileReference; fileEncoding = 4; lastKnownFileType = sourcecode.c.h; path = "NSObject+A2BlockDelegate.h"; sourceTree = "<group>"; };
		DB4CA3F91B3A624B004B70F8 /* Common-Framework.xcconfig */ = {isa = PBXFileReference; lastKnownFileType = text.xcconfig; path = "Common-Framework.xcconfig"; sourceTree = "<group>"; };
		DB4CA3FA1B3A624B004B70F8 /* iOS-Base.xcconfig */ = {isa = PBXFileReference; lastKnownFileType = text.xcconfig; path = "iOS-Base.xcconfig"; sourceTree = "<group>"; };
		DB4CA3FB1B3A624B004B70F8 /* iOS-Framework.xcconfig */ = {isa = PBXFileReference; lastKnownFileType = text.xcconfig; path = "iOS-Framework.xcconfig"; sourceTree = "<group>"; };
		DB4CA3FC1B3A624B004B70F8 /* iOS-StaticLibrary.xcconfig */ = {isa = PBXFileReference; lastKnownFileType = text.xcconfig; path = "iOS-StaticLibrary.xcconfig"; sourceTree = "<group>"; };
		DB4CA3FE1B3A624B004B70F8 /* Mac-Application.xcconfig */ = {isa = PBXFileReference; lastKnownFileType = text.xcconfig; path = "Mac-Application.xcconfig"; sourceTree = "<group>"; };
		DB4CA3FF1B3A624B004B70F8 /* Mac-Base.xcconfig */ = {isa = PBXFileReference; lastKnownFileType = text.xcconfig; path = "Mac-Base.xcconfig"; sourceTree = "<group>"; };
		DB4CA4001B3A624B004B70F8 /* Mac-Framework.xcconfig */ = {isa = PBXFileReference; lastKnownFileType = text.xcconfig; path = "Mac-Framework.xcconfig"; sourceTree = "<group>"; };
		DB4CA4011B3A624B004B70F8 /* Mac-Test.xcconfig */ = {isa = PBXFileReference; lastKnownFileType = text.xcconfig; path = "Mac-Test.xcconfig"; sourceTree = "<group>"; };
		DB4CA4021B3A6450004B70F8 /* iOS-Test.xcconfig */ = {isa = PBXFileReference; lastKnownFileType = text.xcconfig; path = "iOS-Test.xcconfig"; sourceTree = "<group>"; };
		DB4CA53B1B3A67A3004B70F8 /* BKMacrosTest.m */ = {isa = PBXFileReference; fileEncoding = 4; lastKnownFileType = sourcecode.c.objc; path = BKMacrosTest.m; sourceTree = "<group>"; };
		DB4CA53C1B3A67A3004B70F8 /* NSArrayBlocksKitTest.m */ = {isa = PBXFileReference; fileEncoding = 4; lastKnownFileType = sourcecode.c.objc; path = NSArrayBlocksKitTest.m; sourceTree = "<group>"; };
		DB4CA53D1B3A67A3004B70F8 /* NSDictionaryBlocksKitTest.m */ = {isa = PBXFileReference; fileEncoding = 4; lastKnownFileType = sourcecode.c.objc; path = NSDictionaryBlocksKitTest.m; sourceTree = "<group>"; };
		DB4CA53E1B3A67A3004B70F8 /* NSIndexSetBlocksKitTest.m */ = {isa = PBXFileReference; fileEncoding = 4; lastKnownFileType = sourcecode.c.objc; path = NSIndexSetBlocksKitTest.m; sourceTree = "<group>"; };
		DB4CA53F1B3A67A3004B70F8 /* NSInvocationBlocksKitTest.m */ = {isa = PBXFileReference; fileEncoding = 4; lastKnownFileType = sourcecode.c.objc; path = NSInvocationBlocksKitTest.m; sourceTree = "<group>"; };
		DB4CA5401B3A67A3004B70F8 /* NSMapTableBlocksKitTest.m */ = {isa = PBXFileReference; fileEncoding = 4; lastKnownFileType = sourcecode.c.objc; path = NSMapTableBlocksKitTest.m; sourceTree = "<group>"; };
		DB4CA5411B3A67A3004B70F8 /* NSMutableArrayBlocksKitTest.m */ = {isa = PBXFileReference; fileEncoding = 4; lastKnownFileType = sourcecode.c.objc; path = NSMutableArrayBlocksKitTest.m; sourceTree = "<group>"; };
		DB4CA5421B3A67A3004B70F8 /* NSMutableDictionaryBlocksKitTest.m */ = {isa = PBXFileReference; fileEncoding = 4; lastKnownFileType = sourcecode.c.objc; path = NSMutableDictionaryBlocksKitTest.m; sourceTree = "<group>"; };
		DB4CA5431B3A67A3004B70F8 /* NSMutableIndexSetBlocksKitTest.m */ = {isa = PBXFileReference; fileEncoding = 4; lastKnownFileType = sourcecode.c.objc; path = NSMutableIndexSetBlocksKitTest.m; sourceTree = "<group>"; };
		DB4CA5441B3A67A3004B70F8 /* NSMutableOrderedSetBlocksKitTest.m */ = {isa = PBXFileReference; fileEncoding = 4; lastKnownFileType = sourcecode.c.objc; path = NSMutableOrderedSetBlocksKitTest.m; sourceTree = "<group>"; };
		DB4CA5451B3A67A3004B70F8 /* NSMutableSetBlocksKitTest.m */ = {isa = PBXFileReference; fileEncoding = 4; lastKnownFileType = sourcecode.c.objc; path = NSMutableSetBlocksKitTest.m; sourceTree = "<group>"; };
		DB4CA5461B3A67A3004B70F8 /* NSObjectAssociatedObjectTest.m */ = {isa = PBXFileReference; fileEncoding = 4; lastKnownFileType = sourcecode.c.objc; path = NSObjectAssociatedObjectTest.m; sourceTree = "<group>"; };
		DB4CA5471B3A67A3004B70F8 /* NSObjectBlockObservationTest.m */ = {isa = PBXFileReference; fileEncoding = 4; lastKnownFileType = sourcecode.c.objc; path = NSObjectBlockObservationTest.m; sourceTree = "<group>"; };
		DB4CA5481B3A67A3004B70F8 /* NSObjectBlocksKitTest.m */ = {isa = PBXFileReference; fileEncoding = 4; lastKnownFileType = sourcecode.c.objc; path = NSObjectBlocksKitTest.m; sourceTree = "<group>"; };
		DB4CA5491B3A67A3004B70F8 /* NSOrderedSetBlocksKitTest.m */ = {isa = PBXFileReference; fileEncoding = 4; lastKnownFileType = sourcecode.c.objc; path = NSOrderedSetBlocksKitTest.m; sourceTree = "<group>"; };
		DB4CA54A1B3A67A3004B70F8 /* NSSetBlocksKitTest.m */ = {isa = PBXFileReference; fileEncoding = 4; lastKnownFileType = sourcecode.c.objc; path = NSSetBlocksKitTest.m; sourceTree = "<group>"; };
		DB4CA54B1B3A67A3004B70F8 /* NSTimerBlocksKitTest.m */ = {isa = PBXFileReference; fileEncoding = 4; lastKnownFileType = sourcecode.c.objc; path = NSTimerBlocksKitTest.m; sourceTree = "<group>"; };
		DB4CA54D1B3A67A3004B70F8 /* A2BlockDelegateTests.m */ = {isa = PBXFileReference; fileEncoding = 4; lastKnownFileType = sourcecode.c.objc; path = A2BlockDelegateTests.m; sourceTree = "<group>"; };
		DB4CA54E1B3A67A3004B70F8 /* A2BlockInvocationTests.m */ = {isa = PBXFileReference; fileEncoding = 4; lastKnownFileType = sourcecode.c.objc; path = A2BlockInvocationTests.m; sourceTree = "<group>"; };
		DB4CA54F1B3A67A3004B70F8 /* A2DynamicDelegateTests.m */ = {isa = PBXFileReference; fileEncoding = 4; lastKnownFileType = sourcecode.c.objc; path = A2DynamicDelegateTests.m; sourceTree = "<group>"; };
		DB4CA5501B3A67A3004B70F8 /* A2DynamicTestClasses+A2BlockDelegate.h */ = {isa = PBXFileReference; fileEncoding = 4; lastKnownFileType = sourcecode.c.h; path = "A2DynamicTestClasses+A2BlockDelegate.h"; sourceTree = "<group>"; };
		DB4CA5511B3A67A3004B70F8 /* A2DynamicTestClasses+A2BlockDelegate.m */ = {isa = PBXFileReference; fileEncoding = 4; lastKnownFileType = sourcecode.c.objc; path = "A2DynamicTestClasses+A2BlockDelegate.m"; sourceTree = "<group>"; };
		DB4CA5521B3A67A3004B70F8 /* A2DynamicTestClasses.h */ = {isa = PBXFileReference; fileEncoding = 4; lastKnownFileType = sourcecode.c.h; path = A2DynamicTestClasses.h; sourceTree = "<group>"; };
		DB4CA5531B3A67A3004B70F8 /* A2DynamicTestClasses.m */ = {isa = PBXFileReference; fileEncoding = 4; lastKnownFileType = sourcecode.c.objc; path = A2DynamicTestClasses.m; sourceTree = "<group>"; };
		DB4CA5541B3A67A3004B70F8 /* NSCacheBlocksKitTest.m */ = {isa = PBXFileReference; fileEncoding = 4; lastKnownFileType = sourcecode.c.objc; path = NSCacheBlocksKitTest.m; sourceTree = "<group>"; };
		DB4CA5551B3A67A3004B70F8 /* NSURLConnectionBlocksKitTest.m */ = {isa = PBXFileReference; fileEncoding = 4; lastKnownFileType = sourcecode.c.objc; path = NSURLConnectionBlocksKitTest.m; sourceTree = "<group>"; };
		DB4CA5571B3A67A3004B70F8 /* MFMailComposeViewControllerBlocksKitTest.m */ = {isa = PBXFileReference; fileEncoding = 4; lastKnownFileType = sourcecode.c.objc; path = MFMailComposeViewControllerBlocksKitTest.m; sourceTree = "<group>"; };
		DB4CA5581B3A67A3004B70F8 /* MFMessageComposeViewControllerBlocksKitTest.m */ = {isa = PBXFileReference; fileEncoding = 4; lastKnownFileType = sourcecode.c.objc; path = MFMessageComposeViewControllerBlocksKitTest.m; sourceTree = "<group>"; };
		DB4CA55A1B3A67A3004B70F8 /* QLPreviewControllerBlocksKitTest.m */ = {isa = PBXFileReference; fileEncoding = 4; lastKnownFileType = sourcecode.c.objc; path = QLPreviewControllerBlocksKitTest.m; sourceTree = "<group>"; };
		DB4CA55C1B3A67A3004B70F8 /* UIActionSheetBlocksKitTest.m */ = {isa = PBXFileReference; fileEncoding = 4; lastKnownFileType = sourcecode.c.objc; path = UIActionSheetBlocksKitTest.m; sourceTree = "<group>"; };
		DB4CA55D1B3A67A3004B70F8 /* UIAlertViewBlocksKitTest.m */ = {isa = PBXFileReference; fileEncoding = 4; lastKnownFileType = sourcecode.c.objc; path = UIAlertViewBlocksKitTest.m; sourceTree = "<group>"; };
		DB4CA55E1B3A67A3004B70F8 /* UIControlBlocksKitTest.m */ = {isa = PBXFileReference; fileEncoding = 4; lastKnownFileType = sourcecode.c.objc; path = UIControlBlocksKitTest.m; sourceTree = "<group>"; };
		DB4CA55F1B3A67A3004B70F8 /* UIImagePickerControllerBlocksKitTest.m */ = {isa = PBXFileReference; fileEncoding = 4; lastKnownFileType = sourcecode.c.objc; path = UIImagePickerControllerBlocksKitTest.m; sourceTree = "<group>"; };
		DB4CA5601B3A67A3004B70F8 /* UITextFieldBlocksKitTest.m */ = {isa = PBXFileReference; fileEncoding = 4; lastKnownFileType = sourcecode.c.objc; path = UITextFieldBlocksKitTest.m; sourceTree = "<group>"; };
		DB4CA5C81B3A6810004B70F8 /* Base */ = {isa = PBXFileReference; lastKnownFileType = file.xib; name = Base; path = Base.lproj/MainMenu.xib; sourceTree = "<group>"; };
		DB4CA5C91B3A6810004B70F8 /* BKApp.h */ = {isa = PBXFileReference; lastKnownFileType = sourcecode.c.h; path = BKApp.h; sourceTree = "<group>"; };
		DB4CA5CA1B3A6810004B70F8 /* BKApp.m */ = {isa = PBXFileReference; lastKnownFileType = sourcecode.c.objc; path = BKApp.m; sourceTree = "<group>"; };
		DB4CA5CB1B3A6810004B70F8 /* Info.plist */ = {isa = PBXFileReference; lastKnownFileType = text.plist.xml; path = Info.plist; sourceTree = "<group>"; };
		DB4CA5CC1B3A6810004B70F8 /* main.m */ = {isa = PBXFileReference; lastKnownFileType = sourcecode.c.objc; path = main.m; sourceTree = "<group>"; };
		DB9B96181B3A52A700940D20 /* BlocksKit.framework */ = {isa = PBXFileReference; explicitFileType = wrapper.framework; includeInIndex = 0; path = BlocksKit.framework; sourceTree = BUILT_PRODUCTS_DIR; };
		DB9B96221B3A52A700940D20 /* BlocksKitTests.xctest */ = {isa = PBXFileReference; explicitFileType = wrapper.cfbundle; includeInIndex = 0; path = BlocksKitTests.xctest; sourceTree = BUILT_PRODUCTS_DIR; };
		DB9B96291B3A52A700940D20 /* Info.plist */ = {isa = PBXFileReference; lastKnownFileType = text.plist.xml; path = Info.plist; sourceTree = "<group>"; };
		DB9B96371B3A52E500940D20 /* BlocksKit.framework */ = {isa = PBXFileReference; explicitFileType = wrapper.framework; includeInIndex = 0; path = BlocksKit.framework; sourceTree = BUILT_PRODUCTS_DIR; };
		DB9B96401B3A52E500940D20 /* BlocksKitTests.xctest */ = {isa = PBXFileReference; explicitFileType = wrapper.cfbundle; includeInIndex = 0; path = BlocksKitTests.xctest; sourceTree = BUILT_PRODUCTS_DIR; };
		DB9B96521B3A531F00940D20 /* libMobileBlocksKitLegacy.a */ = {isa = PBXFileReference; explicitFileType = archive.ar; includeInIndex = 0; path = libMobileBlocksKitLegacy.a; sourceTree = BUILT_PRODUCTS_DIR; };
		DBBDD1E51B3A553E008909B0 /* BlocksKit Mac Demo.app */ = {isa = PBXFileReference; explicitFileType = wrapper.application; includeInIndex = 0; path = "BlocksKit Mac Demo.app"; sourceTree = BUILT_PRODUCTS_DIR; };
		DBBDD23E1B3A5782008909B0 /* Project-Debug.xcconfig */ = {isa = PBXFileReference; lastKnownFileType = text.xcconfig; path = "Project-Debug.xcconfig"; sourceTree = "<group>"; };
		DBBDD23F1B3A5782008909B0 /* Project-Release.xcconfig */ = {isa = PBXFileReference; lastKnownFileType = text.xcconfig; path = "Project-Release.xcconfig"; sourceTree = "<group>"; };
		DBBDD2401B3A5782008909B0 /* Project-Common.xcconfig */ = {isa = PBXFileReference; lastKnownFileType = text.xcconfig; path = "Project-Common.xcconfig"; sourceTree = "<group>"; };
		DBBDD2411B3A5A2C008909B0 /* Project-Version.xcconfig */ = {isa = PBXFileReference; lastKnownFileType = text.xcconfig; path = "Project-Version.xcconfig"; sourceTree = "<group>"; };
/* End PBXFileReference section */

/* Begin PBXFrameworksBuildPhase section */
		DB9B96141B3A52A700940D20 /* Frameworks */ = {
			isa = PBXFrameworksBuildPhase;
			buildActionMask = 2147483647;
			files = (
			);
			runOnlyForDeploymentPostprocessing = 0;
		};
		DB9B961F1B3A52A700940D20 /* Frameworks */ = {
			isa = PBXFrameworksBuildPhase;
			buildActionMask = 2147483647;
			files = (
				DB9B96231B3A52A700940D20 /* BlocksKit.framework in Frameworks */,
			);
			runOnlyForDeploymentPostprocessing = 0;
		};
		DB9B96331B3A52E500940D20 /* Frameworks */ = {
			isa = PBXFrameworksBuildPhase;
			buildActionMask = 2147483647;
			files = (
			);
			runOnlyForDeploymentPostprocessing = 0;
		};
		DB9B963D1B3A52E500940D20 /* Frameworks */ = {
			isa = PBXFrameworksBuildPhase;
			buildActionMask = 2147483647;
			files = (
				DB9B96411B3A52E500940D20 /* BlocksKit.framework in Frameworks */,
			);
			runOnlyForDeploymentPostprocessing = 0;
		};
		DB9B964F1B3A531F00940D20 /* Frameworks */ = {
			isa = PBXFrameworksBuildPhase;
			buildActionMask = 2147483647;
			files = (
			);
			runOnlyForDeploymentPostprocessing = 0;
		};
		DBBDD1E21B3A553E008909B0 /* Frameworks */ = {
			isa = PBXFrameworksBuildPhase;
			buildActionMask = 2147483647;
			files = (
				DB4CA5D01B3A7A08004B70F8 /* BlocksKit.framework in Frameworks */,
			);
			runOnlyForDeploymentPostprocessing = 0;
		};
/* End PBXFrameworksBuildPhase section */

/* Begin PBXGroup section */
		84A66715253E881E00A22484 /* BlocksKit */ = {
			isa = PBXGroup;
			children = (
				84A66716253E881E00A22484 /* BlocksKit+UIKit.h */,
				84A66717253E881E00A22484 /* Core */,
				84A66737253E881E00A22484 /* BlocksKit.h */,
				84A66738253E881F00A22484 /* UIKit */,
				84A6674D253E881F00A22484 /* MessageUI */,
				84A66752253E881F00A22484 /* BlocksKit+MessageUI.h */,
				84A66753253E881F00A22484 /* DynamicDelegate */,
			);
			path = BlocksKit;
			sourceTree = "<group>";
		};
		84A66717253E881E00A22484 /* Core */ = {
			isa = PBXGroup;
			children = (
				84A66718253E881E00A22484 /* NSDictionary+BlocksKit.m */,
				84A66719253E881E00A22484 /* NSOrderedSet+BlocksKit.h */,
				84A6671A253E881E00A22484 /* NSMutableArray+BlocksKit.m */,
				84A6671B253E881E00A22484 /* NSMutableIndexSet+BlocksKit.m */,
				84A6671C253E881E00A22484 /* NSObject+BKBlockExecution.h */,
				84A6671D253E881E00A22484 /* NSArray+BlocksKit.h */,
				84A6671E253E881E00A22484 /* NSObject+BKBlockObservation.m */,
				84A6671F253E881E00A22484 /* NSTimer+BlocksKit.m */,
				84A66720253E881E00A22484 /* BKMacros.h */,
				84A66721253E881E00A22484 /* NSObject+BKAssociatedObjects.h */,
				84A66722253E881E00A22484 /* NSInvocation+BlocksKit.m */,
				84A66723253E881E00A22484 /* NSSet+BlocksKit.m */,
				84A66724253E881E00A22484 /* NSIndexSet+BlocksKit.h */,
				84A66725253E881E00A22484 /* NSMutableSet+BlocksKit.h */,
				84A66726253E881E00A22484 /* NSMutableDictionary+BlocksKit.h */,
				84A66727253E881E00A22484 /* NSMutableOrderedSet+BlocksKit.m */,
				84A66728253E881E00A22484 /* NSOrderedSet+BlocksKit.m */,
				84A66729253E881E00A22484 /* NSDictionary+BlocksKit.h */,
				84A6672A253E881E00A22484 /* NSObject+BKAssociatedObjects.m */,
				84A6672B253E881E00A22484 /* NSTimer+BlocksKit.h */,
				84A6672C253E881E00A22484 /* NSObject+BKBlockObservation.h */,
				84A6672D253E881E00A22484 /* NSArray+BlocksKit.m */,
				84A6672E253E881E00A22484 /* NSObject+BKBlockExecution.m */,
				84A6672F253E881E00A22484 /* NSMutableIndexSet+BlocksKit.h */,
				84A66730253E881E00A22484 /* NSMutableArray+BlocksKit.h */,
				84A66731253E881E00A22484 /* NSIndexSet+BlocksKit.m */,
				84A66732253E881E00A22484 /* NSInvocation+BlocksKit.h */,
				84A66733253E881E00A22484 /* NSSet+BlocksKit.h */,
				84A66734253E881E00A22484 /* NSMutableOrderedSet+BlocksKit.h */,
				84A66735253E881E00A22484 /* NSMutableDictionary+BlocksKit.m */,
				84A66736253E881E00A22484 /* NSMutableSet+BlocksKit.m */,
			);
			path = Core;
			sourceTree = "<group>";
		};
		84A66738253E881F00A22484 /* UIKit */ = {
			isa = PBXGroup;
			children = (
				84A66739253E881F00A22484 /* UIImagePickerController+BlocksKit.h */,
				84A6673A253E881F00A22484 /* UIActionSheet+BlocksKit.h */,
				84A6673B253E881F00A22484 /* UIPopoverController+BlocksKit.h */,
				84A6673D253E881F00A22484 /* UIControl+BlocksKit.h */,
				84A6673E253E881F00A22484 /* UITextField+BlocksKit.h */,
				84A6673F253E881F00A22484 /* UIBarButtonItem+BlocksKit.m */,
				84A66740253E881F00A22484 /* UIAlertView+BlocksKit.m */,
				84A66741253E881F00A22484 /* UIView+BlocksKit.m */,
				84A66742253E881F00A22484 /* UIGestureRecognizer+BlocksKit.m */,
				84A66743253E881F00A22484 /* UIPopoverController+BlocksKit.m */,
				84A66744253E881F00A22484 /* UIActionSheet+BlocksKit.m */,
				84A66745253E881F00A22484 /* UIImagePickerController+BlocksKit.m */,
				84A66746253E881F00A22484 /* UITextField+BlocksKit.m */,
				84A66747253E881F00A22484 /* UIControl+BlocksKit.m */,
				84A66749253E881F00A22484 /* UIView+BlocksKit.h */,
				84A6674A253E881F00A22484 /* UIAlertView+BlocksKit.h */,
				84A6674B253E881F00A22484 /* UIBarButtonItem+BlocksKit.h */,
				84A6674C253E881F00A22484 /* UIGestureRecognizer+BlocksKit.h */,
			);
			path = UIKit;
			sourceTree = "<group>";
		};
		84A6674D253E881F00A22484 /* MessageUI */ = {
			isa = PBXGroup;
			children = (
				84A6674E253E881F00A22484 /* MFMessageComposeViewController+BlocksKit.h */,
				84A6674F253E881F00A22484 /* MFMailComposeViewController+BlocksKit.m */,
				84A66750253E881F00A22484 /* MFMessageComposeViewController+BlocksKit.m */,
				84A66751253E881F00A22484 /* MFMailComposeViewController+BlocksKit.h */,
			);
			path = MessageUI;
			sourceTree = "<group>";
		};
		84A66753253E881F00A22484 /* DynamicDelegate */ = {
			isa = PBXGroup;
			children = (
				84A66754253E881F00A22484 /* A2BlockInvocation.m */,
				84A66755253E881F00A22484 /* NSObject+A2DynamicDelegate.h */,
				84A66756253E881F00A22484 /* A2DynamicDelegate.h */,
				84A66757253E881F00A22484 /* Foundation */,
				84A6675C253E881F00A22484 /* NSObject+A2BlockDelegate.m */,
				84A6675D253E881F00A22484 /* A2BlockInvocation.h */,
				84A6675E253E881F00A22484 /* A2DynamicDelegate.m */,
				84A6675F253E881F00A22484 /* NSObject+A2DynamicDelegate.m */,
				84A66760253E881F00A22484 /* NSObject+A2BlockDelegate.h */,
			);
			path = DynamicDelegate;
			sourceTree = "<group>";
		};
		84A66757253E881F00A22484 /* Foundation */ = {
			isa = PBXGroup;
			children = (
				84A66758253E881F00A22484 /* NSURLConnection+BlocksKit.h */,
				84A66759253E881F00A22484 /* NSCache+BlocksKit.m */,
				84A6675A253E881F00A22484 /* NSCache+BlocksKit.h */,
				84A6675B253E881F00A22484 /* NSURLConnection+BlocksKit.m */,
			);
			path = Foundation;
			sourceTree = "<group>";
		};
		DB4CA53A1B3A67A3004B70F8 /* Core */ = {
			isa = PBXGroup;
			children = (
				DB4CA53B1B3A67A3004B70F8 /* BKMacrosTest.m */,
				DB4CA53C1B3A67A3004B70F8 /* NSArrayBlocksKitTest.m */,
				DB4CA53D1B3A67A3004B70F8 /* NSDictionaryBlocksKitTest.m */,
				DB4CA53E1B3A67A3004B70F8 /* NSIndexSetBlocksKitTest.m */,
				DB4CA53F1B3A67A3004B70F8 /* NSInvocationBlocksKitTest.m */,
				DB4CA5401B3A67A3004B70F8 /* NSMapTableBlocksKitTest.m */,
				DB4CA5411B3A67A3004B70F8 /* NSMutableArrayBlocksKitTest.m */,
				DB4CA5421B3A67A3004B70F8 /* NSMutableDictionaryBlocksKitTest.m */,
				DB4CA5431B3A67A3004B70F8 /* NSMutableIndexSetBlocksKitTest.m */,
				DB4CA5441B3A67A3004B70F8 /* NSMutableOrderedSetBlocksKitTest.m */,
				DB4CA5451B3A67A3004B70F8 /* NSMutableSetBlocksKitTest.m */,
				DB4CA5461B3A67A3004B70F8 /* NSObjectAssociatedObjectTest.m */,
				DB4CA5471B3A67A3004B70F8 /* NSObjectBlockObservationTest.m */,
				DB4CA5481B3A67A3004B70F8 /* NSObjectBlocksKitTest.m */,
				DB4CA5491B3A67A3004B70F8 /* NSOrderedSetBlocksKitTest.m */,
				DB4CA54A1B3A67A3004B70F8 /* NSSetBlocksKitTest.m */,
				DB4CA54B1B3A67A3004B70F8 /* NSTimerBlocksKitTest.m */,
			);
			path = Core;
			sourceTree = "<group>";
		};
		DB4CA54C1B3A67A3004B70F8 /* Dynamic Delegate */ = {
			isa = PBXGroup;
			children = (
				DB4CA54D1B3A67A3004B70F8 /* A2BlockDelegateTests.m */,
				DB4CA54E1B3A67A3004B70F8 /* A2BlockInvocationTests.m */,
				DB4CA54F1B3A67A3004B70F8 /* A2DynamicDelegateTests.m */,
				DB4CA5501B3A67A3004B70F8 /* A2DynamicTestClasses+A2BlockDelegate.h */,
				DB4CA5511B3A67A3004B70F8 /* A2DynamicTestClasses+A2BlockDelegate.m */,
				DB4CA5521B3A67A3004B70F8 /* A2DynamicTestClasses.h */,
				DB4CA5531B3A67A3004B70F8 /* A2DynamicTestClasses.m */,
				DB4CA5541B3A67A3004B70F8 /* NSCacheBlocksKitTest.m */,
				DB4CA5551B3A67A3004B70F8 /* NSURLConnectionBlocksKitTest.m */,
			);
			name = "Dynamic Delegate";
			path = DynamicDelegate;
			sourceTree = "<group>";
		};
		DB4CA5561B3A67A3004B70F8 /* MessageUI */ = {
			isa = PBXGroup;
			children = (
				DB4CA5571B3A67A3004B70F8 /* MFMailComposeViewControllerBlocksKitTest.m */,
				DB4CA5581B3A67A3004B70F8 /* MFMessageComposeViewControllerBlocksKitTest.m */,
			);
			path = MessageUI;
			sourceTree = "<group>";
		};
		DB4CA5591B3A67A3004B70F8 /* QuickLook */ = {
			isa = PBXGroup;
			children = (
				DB4CA55A1B3A67A3004B70F8 /* QLPreviewControllerBlocksKitTest.m */,
			);
			path = QuickLook;
			sourceTree = "<group>";
		};
		DB4CA55B1B3A67A3004B70F8 /* UIKit */ = {
			isa = PBXGroup;
			children = (
				DB4CA55C1B3A67A3004B70F8 /* UIActionSheetBlocksKitTest.m */,
				DB4CA55D1B3A67A3004B70F8 /* UIAlertViewBlocksKitTest.m */,
				DB4CA55E1B3A67A3004B70F8 /* UIControlBlocksKitTest.m */,
				DB4CA55F1B3A67A3004B70F8 /* UIImagePickerControllerBlocksKitTest.m */,
				DB4CA5601B3A67A3004B70F8 /* UITextFieldBlocksKitTest.m */,
			);
			path = UIKit;
			sourceTree = "<group>";
		};
		DB4CA5C51B3A67AF004B70F8 /* Supported Files */ = {
			isa = PBXGroup;
			children = (
				DB9B96291B3A52A700940D20 /* Info.plist */,
			);
			name = "Supported Files";
			sourceTree = "<group>";
		};
		DB4CA5C61B3A6810004B70F8 /* Mac Demo */ = {
			isa = PBXGroup;
			children = (
				DB4CA5C91B3A6810004B70F8 /* BKApp.h */,
				DB4CA5CA1B3A6810004B70F8 /* BKApp.m */,
				DB4CA5C71B3A6810004B70F8 /* MainMenu.xib */,
				DB4CA5CE1B3A6836004B70F8 /* Supporting Files */,
			);
			path = "Mac Demo";
			sourceTree = "<group>";
		};
		DB4CA5CE1B3A6836004B70F8 /* Supporting Files */ = {
			isa = PBXGroup;
			children = (
				DB4CA5CB1B3A6810004B70F8 /* Info.plist */,
				DB4CA5CC1B3A6810004B70F8 /* main.m */,
			);
			name = "Supporting Files";
			sourceTree = "<group>";
		};
		DB9B960E1B3A52A700940D20 = {
			isa = PBXGroup;
			children = (
				84A66715253E881E00A22484 /* BlocksKit */,
				DB9B96261B3A52A700940D20 /* Tests */,
				DBBDD2281B3A5782008909B0 /* Configurations */,
				DB9B96191B3A52A700940D20 /* Products */,
			);
			sourceTree = "<group>";
		};
		DB9B96191B3A52A700940D20 /* Products */ = {
			isa = PBXGroup;
			children = (
				DB9B96181B3A52A700940D20 /* BlocksKit.framework */,
				DB9B96221B3A52A700940D20 /* BlocksKitTests.xctest */,
				DB9B96371B3A52E500940D20 /* BlocksKit.framework */,
				DB9B96401B3A52E500940D20 /* BlocksKitTests.xctest */,
				DB9B96521B3A531F00940D20 /* libMobileBlocksKitLegacy.a */,
				DBBDD1E51B3A553E008909B0 /* BlocksKit Mac Demo.app */,
			);
			name = Products;
			sourceTree = "<group>";
		};
		DB9B96261B3A52A700940D20 /* Tests */ = {
			isa = PBXGroup;
			children = (
				DB4CA53A1B3A67A3004B70F8 /* Core */,
				DB4CA54C1B3A67A3004B70F8 /* Dynamic Delegate */,
				DB4CA5C61B3A6810004B70F8 /* Mac Demo */,
				DB4CA5561B3A67A3004B70F8 /* MessageUI */,
				DB4CA5591B3A67A3004B70F8 /* QuickLook */,
				DB4CA55B1B3A67A3004B70F8 /* UIKit */,
				DB4CA5C51B3A67AF004B70F8 /* Supported Files */,
			);
			path = Tests;
			sourceTree = "<group>";
		};
		DBBDD2281B3A5782008909B0 /* Configurations */ = {
			isa = PBXGroup;
			children = (
				DBBDD23E1B3A5782008909B0 /* Project-Debug.xcconfig */,
				DBBDD23F1B3A5782008909B0 /* Project-Release.xcconfig */,
				DBBDD2401B3A5782008909B0 /* Project-Common.xcconfig */,
				DBBDD2411B3A5A2C008909B0 /* Project-Version.xcconfig */,
				DB4CA3F91B3A624B004B70F8 /* Common-Framework.xcconfig */,
				DB4CA3FA1B3A624B004B70F8 /* iOS-Base.xcconfig */,
				DB4CA3FB1B3A624B004B70F8 /* iOS-Framework.xcconfig */,
				DB4CA3FC1B3A624B004B70F8 /* iOS-StaticLibrary.xcconfig */,
				DB4CA4021B3A6450004B70F8 /* iOS-Test.xcconfig */,
				DB4CA3FE1B3A624B004B70F8 /* Mac-Application.xcconfig */,
				DB4CA3FF1B3A624B004B70F8 /* Mac-Base.xcconfig */,
				DB4CA4001B3A624B004B70F8 /* Mac-Framework.xcconfig */,
				DB4CA4011B3A624B004B70F8 /* Mac-Test.xcconfig */,
			);
			path = Configurations;
			sourceTree = "<group>";
		};
/* End PBXGroup section */

/* Begin PBXHeadersBuildPhase section */
		DB9B96151B3A52A700940D20 /* Headers */ = {
			isa = PBXHeadersBuildPhase;
			buildActionMask = 2147483647;
			files = (
			);
			runOnlyForDeploymentPostprocessing = 0;
		};
		DB9B96341B3A52E500940D20 /* Headers */ = {
			isa = PBXHeadersBuildPhase;
			buildActionMask = 2147483647;
			files = (
				84A6679E253E881F00A22484 /* NSURLConnection+BlocksKit.h in Headers */,
				84A66761253E881F00A22484 /* BlocksKit+UIKit.h in Headers */,
				84A66763253E881F00A22484 /* NSOrderedSet+BlocksKit.h in Headers */,
				84A66787253E881F00A22484 /* UITextField+BlocksKit.h in Headers */,
				84A66795253E881F00A22484 /* UIGestureRecognizer+BlocksKit.h in Headers */,
				84A6677E253E881F00A22484 /* NSMutableOrderedSet+BlocksKit.h in Headers */,
				84A66799253E881F00A22484 /* MFMailComposeViewController+BlocksKit.h in Headers */,
				84A6676B253E881F00A22484 /* NSObject+BKAssociatedObjects.h in Headers */,
				84A66767253E881F00A22484 /* NSArray+BlocksKit.h in Headers */,
				84A667A3253E881F00A22484 /* A2BlockInvocation.h in Headers */,
				84A6679C253E881F00A22484 /* NSObject+A2DynamicDelegate.h in Headers */,
				84A66786253E881F00A22484 /* UIControl+BlocksKit.h in Headers */,
				84A66770253E881F00A22484 /* NSMutableDictionary+BlocksKit.h in Headers */,
				84A66792253E881F00A22484 /* UIView+BlocksKit.h in Headers */,
				84A667A0253E881F00A22484 /* NSCache+BlocksKit.h in Headers */,
				84A6677D253E881F00A22484 /* NSSet+BlocksKit.h in Headers */,
				84A66766253E881F00A22484 /* NSObject+BKBlockExecution.h in Headers */,
				84A66796253E881F00A22484 /* MFMessageComposeViewController+BlocksKit.h in Headers */,
				84A66794253E881F00A22484 /* UIBarButtonItem+BlocksKit.h in Headers */,
				84A66784253E881F00A22484 /* UIPopoverController+BlocksKit.h in Headers */,
				84A66776253E881F00A22484 /* NSObject+BKBlockObservation.h in Headers */,
				84A6679D253E881F00A22484 /* A2DynamicDelegate.h in Headers */,
				84A66782253E881F00A22484 /* UIImagePickerController+BlocksKit.h in Headers */,
				84A66781253E881F00A22484 /* BlocksKit.h in Headers */,
				84A6677A253E881F00A22484 /* NSMutableArray+BlocksKit.h in Headers */,
				84A6676E253E881F00A22484 /* NSIndexSet+BlocksKit.h in Headers */,
				84A6676F253E881F00A22484 /* NSMutableSet+BlocksKit.h in Headers */,
				84A66793253E881F00A22484 /* UIAlertView+BlocksKit.h in Headers */,
				84A66773253E881F00A22484 /* NSDictionary+BlocksKit.h in Headers */,
				84A66775253E881F00A22484 /* NSTimer+BlocksKit.h in Headers */,
				84A6679A253E881F00A22484 /* BlocksKit+MessageUI.h in Headers */,
				84A6677C253E881F00A22484 /* NSInvocation+BlocksKit.h in Headers */,
				84A66783253E881F00A22484 /* UIActionSheet+BlocksKit.h in Headers */,
				84A6676A253E881F00A22484 /* BKMacros.h in Headers */,
				84A667A6253E881F00A22484 /* NSObject+A2BlockDelegate.h in Headers */,
				84A66779253E881F00A22484 /* NSMutableIndexSet+BlocksKit.h in Headers */,
			);
			runOnlyForDeploymentPostprocessing = 0;
		};
/* End PBXHeadersBuildPhase section */

/* Begin PBXNativeTarget section */
		DB9B96171B3A52A700940D20 /* MobileBlocksKit */ = {
			isa = PBXNativeTarget;
			buildConfigurationList = DB9B962C1B3A52A700940D20 /* Build configuration list for PBXNativeTarget "MobileBlocksKit" */;
			buildPhases = (
				DB9B96131B3A52A700940D20 /* Sources */,
				DB9B96141B3A52A700940D20 /* Frameworks */,
				DB9B96151B3A52A700940D20 /* Headers */,
				DB9B96161B3A52A700940D20 /* Resources */,
			);
			buildRules = (
			);
			dependencies = (
			);
			name = MobileBlocksKit;
			productName = BlocksKit;
			productReference = DB9B96181B3A52A700940D20 /* BlocksKit.framework */;
			productType = "com.apple.product-type.framework";
		};
		DB9B96211B3A52A700940D20 /* MobileBlocksKitTests */ = {
			isa = PBXNativeTarget;
			buildConfigurationList = DB9B962F1B3A52A700940D20 /* Build configuration list for PBXNativeTarget "MobileBlocksKitTests" */;
			buildPhases = (
				DB9B961E1B3A52A700940D20 /* Sources */,
				DB9B961F1B3A52A700940D20 /* Frameworks */,
				DB9B96201B3A52A700940D20 /* Resources */,
			);
			buildRules = (
			);
			dependencies = (
				DB9B96251B3A52A700940D20 /* PBXTargetDependency */,
			);
			name = MobileBlocksKitTests;
			productName = BlocksKitTests;
			productReference = DB9B96221B3A52A700940D20 /* BlocksKitTests.xctest */;
			productType = "com.apple.product-type.bundle.unit-test";
		};
		DB9B96361B3A52E500940D20 /* BlocksKit */ = {
			isa = PBXNativeTarget;
			buildConfigurationList = DB9B96481B3A52E500940D20 /* Build configuration list for PBXNativeTarget "BlocksKit" */;
			buildPhases = (
				DB9B96321B3A52E500940D20 /* Sources */,
				DB9B96331B3A52E500940D20 /* Frameworks */,
				DB9B96341B3A52E500940D20 /* Headers */,
				DB9B96351B3A52E500940D20 /* Resources */,
			);
			buildRules = (
			);
			dependencies = (
			);
			name = BlocksKit;
			productName = BlocksKitMac;
			productReference = DB9B96371B3A52E500940D20 /* BlocksKit.framework */;
			productType = "com.apple.product-type.framework";
		};
		DB9B963F1B3A52E500940D20 /* BlocksKitTests */ = {
			isa = PBXNativeTarget;
			buildConfigurationList = DB9B964B1B3A52E500940D20 /* Build configuration list for PBXNativeTarget "BlocksKitTests" */;
			buildPhases = (
				DB9B963C1B3A52E500940D20 /* Sources */,
				DB9B963D1B3A52E500940D20 /* Frameworks */,
				DB9B963E1B3A52E500940D20 /* Resources */,
			);
			buildRules = (
			);
			dependencies = (
				DB9B96431B3A52E500940D20 /* PBXTargetDependency */,
			);
			name = BlocksKitTests;
			productName = BlocksKitMacTests;
			productReference = DB9B96401B3A52E500940D20 /* BlocksKitTests.xctest */;
			productType = "com.apple.product-type.bundle.unit-test";
		};
		DB9B96511B3A531F00940D20 /* MobileBlocksKitLegacy */ = {
			isa = PBXNativeTarget;
			buildConfigurationList = DB9B96621B3A531F00940D20 /* Build configuration list for PBXNativeTarget "MobileBlocksKitLegacy" */;
			buildPhases = (
				DB9B964E1B3A531F00940D20 /* Sources */,
				DB9B964F1B3A531F00940D20 /* Frameworks */,
				DB9B96501B3A531F00940D20 /* CopyFiles */,
			);
			buildRules = (
			);
			dependencies = (
			);
			name = MobileBlocksKitLegacy;
			productName = MobileBlocksKitLegacy;
			productReference = DB9B96521B3A531F00940D20 /* libMobileBlocksKitLegacy.a */;
			productType = "com.apple.product-type.library.static";
		};
		DBBDD1E41B3A553E008909B0 /* BlocksKit Mac Demo */ = {
			isa = PBXNativeTarget;
			buildConfigurationList = DBBDD1F51B3A553E008909B0 /* Build configuration list for PBXNativeTarget "BlocksKit Mac Demo" */;
			buildPhases = (
				DBBDD1E11B3A553E008909B0 /* Sources */,
				DBBDD1E21B3A553E008909B0 /* Frameworks */,
				DBBDD1E31B3A553E008909B0 /* Resources */,
				DB4CA5D41B3A7A08004B70F8 /* Embed Frameworks */,
			);
			buildRules = (
			);
			dependencies = (
				DB4CA5D31B3A7A08004B70F8 /* PBXTargetDependency */,
			);
			name = "BlocksKit Mac Demo";
			productName = "BlocksKit Mac Demo";
			productReference = DBBDD1E51B3A553E008909B0 /* BlocksKit Mac Demo.app */;
			productType = "com.apple.product-type.application";
		};
/* End PBXNativeTarget section */

/* Begin PBXProject section */
		DB9B960F1B3A52A700940D20 /* Project object */ = {
			isa = PBXProject;
			attributes = {
				CLASSPREFIX = BK;
				LastUpgradeCheck = 0720;
				ORGANIZATIONNAME = "Zachary Waldowski and Pandamonia LLC";
				TargetAttributes = {
					DB9B96171B3A52A700940D20 = {
						CreatedOnToolsVersion = 7.0;
					};
					DB9B96211B3A52A700940D20 = {
						CreatedOnToolsVersion = 7.0;
					};
					DB9B96361B3A52E500940D20 = {
						CreatedOnToolsVersion = 7.0;
					};
					DB9B963F1B3A52E500940D20 = {
						CreatedOnToolsVersion = 7.0;
					};
					DB9B96511B3A531F00940D20 = {
						CreatedOnToolsVersion = 7.0;
					};
					DBBDD1E41B3A553E008909B0 = {
						CreatedOnToolsVersion = 7.0;
					};
				};
			};
			buildConfigurationList = DB9B96121B3A52A700940D20 /* Build configuration list for PBXProject "BlocksKit" */;
			compatibilityVersion = "Xcode 3.2";
			developmentRegion = English;
			hasScannedForEncodings = 0;
			knownRegions = (
				English,
				en,
				Base,
			);
			mainGroup = DB9B960E1B3A52A700940D20;
			productRefGroup = DB9B96191B3A52A700940D20 /* Products */;
			projectDirPath = "";
			projectRoot = "";
			targets = (
				DB9B96361B3A52E500940D20 /* BlocksKit */,
				DB9B963F1B3A52E500940D20 /* BlocksKitTests */,
				DB9B96171B3A52A700940D20 /* MobileBlocksKit */,
				DB9B96211B3A52A700940D20 /* MobileBlocksKitTests */,
				DB9B96511B3A531F00940D20 /* MobileBlocksKitLegacy */,
				DBBDD1E41B3A553E008909B0 /* BlocksKit Mac Demo */,
			);
		};
/* End PBXProject section */

/* Begin PBXResourcesBuildPhase section */
		DB9B96161B3A52A700940D20 /* Resources */ = {
			isa = PBXResourcesBuildPhase;
			buildActionMask = 2147483647;
			files = (
			);
			runOnlyForDeploymentPostprocessing = 0;
		};
		DB9B96201B3A52A700940D20 /* Resources */ = {
			isa = PBXResourcesBuildPhase;
			buildActionMask = 2147483647;
			files = (
			);
			runOnlyForDeploymentPostprocessing = 0;
		};
		DB9B96351B3A52E500940D20 /* Resources */ = {
			isa = PBXResourcesBuildPhase;
			buildActionMask = 2147483647;
			files = (
			);
			runOnlyForDeploymentPostprocessing = 0;
		};
		DB9B963E1B3A52E500940D20 /* Resources */ = {
			isa = PBXResourcesBuildPhase;
			buildActionMask = 2147483647;
			files = (
			);
			runOnlyForDeploymentPostprocessing = 0;
		};
		DBBDD1E31B3A553E008909B0 /* Resources */ = {
			isa = PBXResourcesBuildPhase;
			buildActionMask = 2147483647;
			files = (
				DB4CA5D61B3A7A22004B70F8 /* MainMenu.xib in Resources */,
			);
			runOnlyForDeploymentPostprocessing = 0;
		};
/* End PBXResourcesBuildPhase section */

/* Begin PBXSourcesBuildPhase section */
		DB9B96131B3A52A700940D20 /* Sources */ = {
			isa = PBXSourcesBuildPhase;
			buildActionMask = 2147483647;
			files = (
			);
			runOnlyForDeploymentPostprocessing = 0;
		};
		DB9B961E1B3A52A700940D20 /* Sources */ = {
			isa = PBXSourcesBuildPhase;
			buildActionMask = 2147483647;
			files = (
				DB4CA5961B3A67A3004B70F8 /* A2BlockDelegateTests.m in Sources */,
				DB4CA5751B3A67A3004B70F8 /* NSMutableArrayBlocksKitTest.m in Sources */,
				DB4CA5991B3A67A3004B70F8 /* A2BlockInvocationTests.m in Sources */,
				DB4CA58A1B3A67A3004B70F8 /* NSObjectBlocksKitTest.m in Sources */,
				DB4CA5661B3A67A3004B70F8 /* NSArrayBlocksKitTest.m in Sources */,
				DB4CA5B71B3A67A3004B70F8 /* UIAlertViewBlocksKitTest.m in Sources */,
				DB4CA5631B3A67A3004B70F8 /* BKMacrosTest.m in Sources */,
				DB4CA5B41B3A67A3004B70F8 /* UIActionSheetBlocksKitTest.m in Sources */,
				DB4CA5A81B3A67A3004B70F8 /* NSURLConnectionBlocksKitTest.m in Sources */,
				DB4CA5BD1B3A67A3004B70F8 /* UIImagePickerControllerBlocksKitTest.m in Sources */,
				DB4CA5871B3A67A3004B70F8 /* NSObjectBlockObservationTest.m in Sources */,
				DB4CA5901B3A67A3004B70F8 /* NSSetBlocksKitTest.m in Sources */,
				DB4CA5AB1B3A67A3004B70F8 /* MFMailComposeViewControllerBlocksKitTest.m in Sources */,
				DB4CA5841B3A67A3004B70F8 /* NSObjectAssociatedObjectTest.m in Sources */,
				DB4CA57B1B3A67A3004B70F8 /* NSMutableIndexSetBlocksKitTest.m in Sources */,
				DB4CA56C1B3A67A3004B70F8 /* NSIndexSetBlocksKitTest.m in Sources */,
				DB4CA5721B3A67A3004B70F8 /* NSMapTableBlocksKitTest.m in Sources */,
				DB4CA5931B3A67A3004B70F8 /* NSTimerBlocksKitTest.m in Sources */,
				DB4CA59C1B3A67A3004B70F8 /* A2DynamicDelegateTests.m in Sources */,
				DB4CA5781B3A67A3004B70F8 /* NSMutableDictionaryBlocksKitTest.m in Sources */,
				DB4CA5B11B3A67A3004B70F8 /* QLPreviewControllerBlocksKitTest.m in Sources */,
				DB4CA5691B3A67A3004B70F8 /* NSDictionaryBlocksKitTest.m in Sources */,
				DB4CA56F1B3A67A3004B70F8 /* NSInvocationBlocksKitTest.m in Sources */,
				DB4CA57E1B3A67A3004B70F8 /* NSMutableOrderedSetBlocksKitTest.m in Sources */,
				DB4CA5A21B3A67A3004B70F8 /* A2DynamicTestClasses.m in Sources */,
				DB4CA5BA1B3A67A3004B70F8 /* UIControlBlocksKitTest.m in Sources */,
				DB4CA5A51B3A67A3004B70F8 /* NSCacheBlocksKitTest.m in Sources */,
				DB4CA5AE1B3A67A3004B70F8 /* MFMessageComposeViewControllerBlocksKitTest.m in Sources */,
				DB4CA59F1B3A67A3004B70F8 /* A2DynamicTestClasses+A2BlockDelegate.m in Sources */,
				DB4CA5C01B3A67A3004B70F8 /* UITextFieldBlocksKitTest.m in Sources */,
				DB4CA58D1B3A67A3004B70F8 /* NSOrderedSetBlocksKitTest.m in Sources */,
				DB4CA5811B3A67A3004B70F8 /* NSMutableSetBlocksKitTest.m in Sources */,
			);
			runOnlyForDeploymentPostprocessing = 0;
		};
		DB9B96321B3A52E500940D20 /* Sources */ = {
			isa = PBXSourcesBuildPhase;
			buildActionMask = 2147483647;
			files = (
				84A6678B253E881F00A22484 /* UIGestureRecognizer+BlocksKit.m in Sources */,
				84A667A4253E881F00A22484 /* A2DynamicDelegate.m in Sources */,
				84A6678E253E881F00A22484 /* UIImagePickerController+BlocksKit.m in Sources */,
				84A66790253E881F00A22484 /* UIControl+BlocksKit.m in Sources */,
				84A66788253E881F00A22484 /* UIBarButtonItem+BlocksKit.m in Sources */,
				84A6678C253E881F00A22484 /* UIPopoverController+BlocksKit.m in Sources */,
				84A66798253E881F00A22484 /* MFMessageComposeViewController+BlocksKit.m in Sources */,
				84A66764253E881F00A22484 /* NSMutableArray+BlocksKit.m in Sources */,
				84A6676D253E881F00A22484 /* NSSet+BlocksKit.m in Sources */,
				84A6677F253E881F00A22484 /* NSMutableDictionary+BlocksKit.m in Sources */,
				84A6678D253E881F00A22484 /* UIActionSheet+BlocksKit.m in Sources */,
				84A6676C253E881F00A22484 /* NSInvocation+BlocksKit.m in Sources */,
				84A66780253E881F00A22484 /* NSMutableSet+BlocksKit.m in Sources */,
				84A6678F253E881F00A22484 /* UITextField+BlocksKit.m in Sources */,
				84A66777253E881F00A22484 /* NSArray+BlocksKit.m in Sources */,
				84A667A5253E881F00A22484 /* NSObject+A2DynamicDelegate.m in Sources */,
				84A6679F253E881F00A22484 /* NSCache+BlocksKit.m in Sources */,
				84A6679B253E881F00A22484 /* A2BlockInvocation.m in Sources */,
				84A66765253E881F00A22484 /* NSMutableIndexSet+BlocksKit.m in Sources */,
				84A66797253E881F00A22484 /* MFMailComposeViewController+BlocksKit.m in Sources */,
				84A667A2253E881F00A22484 /* NSObject+A2BlockDelegate.m in Sources */,
				84A66778253E881F00A22484 /* NSObject+BKBlockExecution.m in Sources */,
				84A66789253E881F00A22484 /* UIAlertView+BlocksKit.m in Sources */,
				84A6677B253E881F00A22484 /* NSIndexSet+BlocksKit.m in Sources */,
				84A66762253E881F00A22484 /* NSDictionary+BlocksKit.m in Sources */,
				84A66774253E881F00A22484 /* NSObject+BKAssociatedObjects.m in Sources */,
				84A66772253E881F00A22484 /* NSOrderedSet+BlocksKit.m in Sources */,
				84A66769253E881F00A22484 /* NSTimer+BlocksKit.m in Sources */,
				84A66768253E881F00A22484 /* NSObject+BKBlockObservation.m in Sources */,
				84A667A1253E881F00A22484 /* NSURLConnection+BlocksKit.m in Sources */,
				84A6678A253E881F00A22484 /* UIView+BlocksKit.m in Sources */,
				84A66771253E881F00A22484 /* NSMutableOrderedSet+BlocksKit.m in Sources */,
			);
			runOnlyForDeploymentPostprocessing = 0;
		};
		DB9B963C1B3A52E500940D20 /* Sources */ = {
			isa = PBXSourcesBuildPhase;
			buildActionMask = 2147483647;
			files = (
				DB4CA5951B3A67A3004B70F8 /* A2BlockDelegateTests.m in Sources */,
				DB4CA5741B3A67A3004B70F8 /* NSMutableArrayBlocksKitTest.m in Sources */,
				DB4CA5981B3A67A3004B70F8 /* A2BlockInvocationTests.m in Sources */,
				DB4CA5891B3A67A3004B70F8 /* NSObjectBlocksKitTest.m in Sources */,
				DB4CA5651B3A67A3004B70F8 /* NSArrayBlocksKitTest.m in Sources */,
				DB4CA5621B3A67A3004B70F8 /* BKMacrosTest.m in Sources */,
				DB4CA5A71B3A67A3004B70F8 /* NSURLConnectionBlocksKitTest.m in Sources */,
				DB4CA5861B3A67A3004B70F8 /* NSObjectBlockObservationTest.m in Sources */,
				DB4CA58F1B3A67A3004B70F8 /* NSSetBlocksKitTest.m in Sources */,
				DB4CA5831B3A67A3004B70F8 /* NSObjectAssociatedObjectTest.m in Sources */,
				DB4CA57A1B3A67A3004B70F8 /* NSMutableIndexSetBlocksKitTest.m in Sources */,
				DB4CA56B1B3A67A3004B70F8 /* NSIndexSetBlocksKitTest.m in Sources */,
				DB4CA5711B3A67A3004B70F8 /* NSMapTableBlocksKitTest.m in Sources */,
				DB4CA5921B3A67A3004B70F8 /* NSTimerBlocksKitTest.m in Sources */,
				DB4CA59B1B3A67A3004B70F8 /* A2DynamicDelegateTests.m in Sources */,
				DB4CA5771B3A67A3004B70F8 /* NSMutableDictionaryBlocksKitTest.m in Sources */,
				DB4CA5681B3A67A3004B70F8 /* NSDictionaryBlocksKitTest.m in Sources */,
				DB4CA56E1B3A67A3004B70F8 /* NSInvocationBlocksKitTest.m in Sources */,
				DB4CA57D1B3A67A3004B70F8 /* NSMutableOrderedSetBlocksKitTest.m in Sources */,
				DB4CA5A11B3A67A3004B70F8 /* A2DynamicTestClasses.m in Sources */,
				DB4CA5A41B3A67A3004B70F8 /* NSCacheBlocksKitTest.m in Sources */,
				DB4CA59E1B3A67A3004B70F8 /* A2DynamicTestClasses+A2BlockDelegate.m in Sources */,
				DB4CA58C1B3A67A3004B70F8 /* NSOrderedSetBlocksKitTest.m in Sources */,
				DB4CA5801B3A67A3004B70F8 /* NSMutableSetBlocksKitTest.m in Sources */,
			);
			runOnlyForDeploymentPostprocessing = 0;
		};
		DB9B964E1B3A531F00940D20 /* Sources */ = {
			isa = PBXSourcesBuildPhase;
			buildActionMask = 2147483647;
			files = (
			);
			runOnlyForDeploymentPostprocessing = 0;
		};
		DBBDD1E11B3A553E008909B0 /* Sources */ = {
			isa = PBXSourcesBuildPhase;
			buildActionMask = 2147483647;
			files = (
				DB4CA5D51B3A7A1D004B70F8 /* main.m in Sources */,
				DB4CA5CD1B3A6819004B70F8 /* BKApp.m in Sources */,
			);
			runOnlyForDeploymentPostprocessing = 0;
		};
/* End PBXSourcesBuildPhase section */

/* Begin PBXTargetDependency section */
		DB4CA5D31B3A7A08004B70F8 /* PBXTargetDependency */ = {
			isa = PBXTargetDependency;
			target = DB9B96361B3A52E500940D20 /* BlocksKit */;
			targetProxy = DB4CA5D21B3A7A08004B70F8 /* PBXContainerItemProxy */;
		};
		DB9B96251B3A52A700940D20 /* PBXTargetDependency */ = {
			isa = PBXTargetDependency;
			target = DB9B96171B3A52A700940D20 /* MobileBlocksKit */;
			targetProxy = DB9B96241B3A52A700940D20 /* PBXContainerItemProxy */;
		};
		DB9B96431B3A52E500940D20 /* PBXTargetDependency */ = {
			isa = PBXTargetDependency;
			target = DB9B96361B3A52E500940D20 /* BlocksKit */;
			targetProxy = DB9B96421B3A52E500940D20 /* PBXContainerItemProxy */;
		};
/* End PBXTargetDependency section */

/* Begin PBXVariantGroup section */
		DB4CA5C71B3A6810004B70F8 /* MainMenu.xib */ = {
			isa = PBXVariantGroup;
			children = (
				DB4CA5C81B3A6810004B70F8 /* Base */,
			);
			name = MainMenu.xib;
			sourceTree = "<group>";
		};
/* End PBXVariantGroup section */

/* Begin XCBuildConfiguration section */
		DB9B962A1B3A52A700940D20 /* Debug */ = {
			isa = XCBuildConfiguration;
			baseConfigurationReference = DBBDD23E1B3A5782008909B0 /* Project-Debug.xcconfig */;
			buildSettings = {
				ENABLE_TESTABILITY = YES;
				ONLY_ACTIVE_ARCH = YES;
				SDKROOT = macosx;
			};
			name = Debug;
		};
		DB9B962B1B3A52A700940D20 /* Release */ = {
			isa = XCBuildConfiguration;
			baseConfigurationReference = DBBDD23F1B3A5782008909B0 /* Project-Release.xcconfig */;
			buildSettings = {
				SDKROOT = macosx;
			};
			name = Release;
		};
		DB9B962D1B3A52A700940D20 /* Debug */ = {
			isa = XCBuildConfiguration;
			baseConfigurationReference = DB4CA3FB1B3A624B004B70F8 /* iOS-Framework.xcconfig */;
			buildSettings = {
				DEFINES_MODULE = YES;
				DYLIB_COMPATIBILITY_VERSION = 1;
				DYLIB_CURRENT_VERSION = 1;
				DYLIB_INSTALL_NAME_BASE = "@rpath";
				INFOPLIST_FILE = BlocksKit/Info.plist;
				INSTALL_PATH = "$(LOCAL_LIBRARY_DIR)/Frameworks";
				IPHONEOS_DEPLOYMENT_TARGET = 9.0;
				LD_RUNPATH_SEARCH_PATHS = "$(inherited) @executable_path/Frameworks @loader_path/Frameworks";
				MODULEMAP_FILE = "";
				PRODUCT_BUNDLE_IDENTIFIER = us.pandamonia.BlocksKit;
				PRODUCT_NAME = BlocksKit;
				SDKROOT = iphoneos;
				SKIP_INSTALL = YES;
				TARGETED_DEVICE_FAMILY = "1,2";
			};
			name = Debug;
		};
		DB9B962E1B3A52A700940D20 /* Release */ = {
			isa = XCBuildConfiguration;
			baseConfigurationReference = DB4CA3FB1B3A624B004B70F8 /* iOS-Framework.xcconfig */;
			buildSettings = {
				DEFINES_MODULE = YES;
				DYLIB_COMPATIBILITY_VERSION = 1;
				DYLIB_CURRENT_VERSION = 1;
				DYLIB_INSTALL_NAME_BASE = "@rpath";
				INFOPLIST_FILE = BlocksKit/Info.plist;
				INSTALL_PATH = "$(LOCAL_LIBRARY_DIR)/Frameworks";
				IPHONEOS_DEPLOYMENT_TARGET = 9.0;
				LD_RUNPATH_SEARCH_PATHS = "$(inherited) @executable_path/Frameworks @loader_path/Frameworks";
				MODULEMAP_FILE = "";
				PRODUCT_BUNDLE_IDENTIFIER = us.pandamonia.BlocksKit;
				PRODUCT_NAME = BlocksKit;
				SDKROOT = iphoneos;
				SKIP_INSTALL = YES;
				TARGETED_DEVICE_FAMILY = "1,2";
			};
			name = Release;
		};
		DB9B96301B3A52A700940D20 /* Debug */ = {
			isa = XCBuildConfiguration;
			baseConfigurationReference = DB4CA4021B3A6450004B70F8 /* iOS-Test.xcconfig */;
			buildSettings = {
				INFOPLIST_FILE = Tests/Info.plist;
				IPHONEOS_DEPLOYMENT_TARGET = 8.0;
				LD_RUNPATH_SEARCH_PATHS = "$(inherited) @executable_path/Frameworks @loader_path/Frameworks";
				PRODUCT_BUNDLE_IDENTIFIER = us.pandamonia.BlocksKitTests;
				PRODUCT_NAME = BlocksKitTests;
				SDKROOT = iphoneos;
				TARGETED_DEVICE_FAMILY = "1,2";
			};
			name = Debug;
		};
		DB9B96311B3A52A700940D20 /* Release */ = {
			isa = XCBuildConfiguration;
			baseConfigurationReference = DB4CA4021B3A6450004B70F8 /* iOS-Test.xcconfig */;
			buildSettings = {
				INFOPLIST_FILE = Tests/Info.plist;
				IPHONEOS_DEPLOYMENT_TARGET = 8.0;
				LD_RUNPATH_SEARCH_PATHS = "$(inherited) @executable_path/Frameworks @loader_path/Frameworks";
				PRODUCT_BUNDLE_IDENTIFIER = us.pandamonia.BlocksKitTests;
				PRODUCT_NAME = BlocksKitTests;
				SDKROOT = iphoneos;
				TARGETED_DEVICE_FAMILY = "1,2";
			};
			name = Release;
		};
		DB9B96491B3A52E500940D20 /* Debug */ = {
			isa = XCBuildConfiguration;
			baseConfigurationReference = DB4CA4001B3A624B004B70F8 /* Mac-Framework.xcconfig */;
			buildSettings = {
				CODE_SIGN_IDENTITY = "-";
				COMBINE_HIDPI_IMAGES = YES;
				DEFINES_MODULE = YES;
				DYLIB_COMPATIBILITY_VERSION = 1;
				DYLIB_CURRENT_VERSION = 1;
				DYLIB_INSTALL_NAME_BASE = "@rpath";
				FRAMEWORK_VERSION = A;
				INFOPLIST_FILE = BlocksKit/Info.plist;
				INSTALL_PATH = "$(LOCAL_LIBRARY_DIR)/Frameworks";
				LD_RUNPATH_SEARCH_PATHS = "$(inherited) @executable_path/../Frameworks @loader_path/Frameworks";
				MACOSX_DEPLOYMENT_TARGET = 10.11;
				MODULEMAP_FILE = "";
				PRODUCT_BUNDLE_IDENTIFIER = us.pandamonia.BlocksKit;
				PRODUCT_NAME = BlocksKit;
				SDKROOT = macosx;
				SKIP_INSTALL = YES;
			};
			name = Debug;
		};
		DB9B964A1B3A52E500940D20 /* Release */ = {
			isa = XCBuildConfiguration;
			baseConfigurationReference = DB4CA4001B3A624B004B70F8 /* Mac-Framework.xcconfig */;
			buildSettings = {
				CODE_SIGN_IDENTITY = "-";
				COMBINE_HIDPI_IMAGES = YES;
				DEFINES_MODULE = YES;
				DYLIB_COMPATIBILITY_VERSION = 1;
				DYLIB_CURRENT_VERSION = 1;
				DYLIB_INSTALL_NAME_BASE = "@rpath";
				FRAMEWORK_VERSION = A;
				INFOPLIST_FILE = BlocksKit/Info.plist;
				INSTALL_PATH = "$(LOCAL_LIBRARY_DIR)/Frameworks";
				LD_RUNPATH_SEARCH_PATHS = "$(inherited) @executable_path/../Frameworks @loader_path/Frameworks";
				MACOSX_DEPLOYMENT_TARGET = 10.11;
				MODULEMAP_FILE = "";
				PRODUCT_BUNDLE_IDENTIFIER = us.pandamonia.BlocksKit;
				PRODUCT_NAME = BlocksKit;
				SDKROOT = macosx;
				SKIP_INSTALL = YES;
			};
			name = Release;
		};
		DB9B964C1B3A52E500940D20 /* Debug */ = {
			isa = XCBuildConfiguration;
			baseConfigurationReference = DB4CA4011B3A624B004B70F8 /* Mac-Test.xcconfig */;
			buildSettings = {
				COMBINE_HIDPI_IMAGES = YES;
				INFOPLIST_FILE = Tests/Info.plist;
				LD_RUNPATH_SEARCH_PATHS = "$(inherited) @executable_path/../Frameworks @loader_path/../Frameworks";
				MACOSX_DEPLOYMENT_TARGET = 10.11;
				PRODUCT_BUNDLE_IDENTIFIER = us.pandamonia.BlocksKitTests;
				PRODUCT_NAME = BlocksKitTests;
				SDKROOT = macosx;
			};
			name = Debug;
		};
		DB9B964D1B3A52E500940D20 /* Release */ = {
			isa = XCBuildConfiguration;
			baseConfigurationReference = DB4CA4011B3A624B004B70F8 /* Mac-Test.xcconfig */;
			buildSettings = {
				COMBINE_HIDPI_IMAGES = YES;
				INFOPLIST_FILE = Tests/Info.plist;
				LD_RUNPATH_SEARCH_PATHS = "$(inherited) @executable_path/../Frameworks @loader_path/../Frameworks";
				MACOSX_DEPLOYMENT_TARGET = 10.11;
				PRODUCT_BUNDLE_IDENTIFIER = us.pandamonia.BlocksKitTests;
				PRODUCT_NAME = BlocksKitTests;
				SDKROOT = macosx;
			};
			name = Release;
		};
		DB9B96631B3A531F00940D20 /* Debug */ = {
			isa = XCBuildConfiguration;
			baseConfigurationReference = DB4CA3FC1B3A624B004B70F8 /* iOS-StaticLibrary.xcconfig */;
			buildSettings = {
				MODULEMAP_FILE = "";
				OTHER_LDFLAGS = "-ObjC";
				PRODUCT_BUNDLE_IDENTIFIER = us.pandamonia.BlocksKit;
				PRODUCT_NAME = "$(TARGET_NAME)";
				SDKROOT = iphoneos;
				SKIP_INSTALL = YES;
				TARGETED_DEVICE_FAMILY = "1,2";
			};
			name = Debug;
		};
		DB9B96641B3A531F00940D20 /* Release */ = {
			isa = XCBuildConfiguration;
			baseConfigurationReference = DB4CA3FC1B3A624B004B70F8 /* iOS-StaticLibrary.xcconfig */;
			buildSettings = {
				MODULEMAP_FILE = "";
				OTHER_LDFLAGS = "-ObjC";
				PRODUCT_BUNDLE_IDENTIFIER = us.pandamonia.BlocksKit;
				PRODUCT_NAME = "$(TARGET_NAME)";
				SDKROOT = iphoneos;
				SKIP_INSTALL = YES;
				TARGETED_DEVICE_FAMILY = "1,2";
			};
			name = Release;
		};
		DBBDD1F31B3A553E008909B0 /* Debug */ = {
			isa = XCBuildConfiguration;
			baseConfigurationReference = DB4CA3FE1B3A624B004B70F8 /* Mac-Application.xcconfig */;
			buildSettings = {
				CODE_SIGN_IDENTITY = "-";
				COMBINE_HIDPI_IMAGES = YES;
				INFOPLIST_FILE = "Tests/Mac Demo/Info.plist";
				LD_RUNPATH_SEARCH_PATHS = "$(inherited) @executable_path/../Frameworks";
				MACOSX_DEPLOYMENT_TARGET = 10.11;
				PRODUCT_BUNDLE_IDENTIFIER = "com.github.mralexgray.BlocksKit-Mac-Demo";
				PRODUCT_NAME = "$(TARGET_NAME)";
			};
			name = Debug;
		};
		DBBDD1F41B3A553E008909B0 /* Release */ = {
			isa = XCBuildConfiguration;
			baseConfigurationReference = DB4CA3FE1B3A624B004B70F8 /* Mac-Application.xcconfig */;
			buildSettings = {
				CODE_SIGN_IDENTITY = "-";
				COMBINE_HIDPI_IMAGES = YES;
				INFOPLIST_FILE = "Tests/Mac Demo/Info.plist";
				LD_RUNPATH_SEARCH_PATHS = "$(inherited) @executable_path/../Frameworks";
				MACOSX_DEPLOYMENT_TARGET = 10.11;
				PRODUCT_BUNDLE_IDENTIFIER = "com.github.mralexgray.BlocksKit-Mac-Demo";
				PRODUCT_NAME = "$(TARGET_NAME)";
			};
			name = Release;
		};
/* End XCBuildConfiguration section */

/* Begin XCConfigurationList section */
		DB9B96121B3A52A700940D20 /* Build configuration list for PBXProject "BlocksKit" */ = {
			isa = XCConfigurationList;
			buildConfigurations = (
				DB9B962A1B3A52A700940D20 /* Debug */,
				DB9B962B1B3A52A700940D20 /* Release */,
			);
			defaultConfigurationIsVisible = 0;
			defaultConfigurationName = Release;
		};
		DB9B962C1B3A52A700940D20 /* Build configuration list for PBXNativeTarget "MobileBlocksKit" */ = {
			isa = XCConfigurationList;
			buildConfigurations = (
				DB9B962D1B3A52A700940D20 /* Debug */,
				DB9B962E1B3A52A700940D20 /* Release */,
			);
			defaultConfigurationIsVisible = 0;
			defaultConfigurationName = Release;
		};
		DB9B962F1B3A52A700940D20 /* Build configuration list for PBXNativeTarget "MobileBlocksKitTests" */ = {
			isa = XCConfigurationList;
			buildConfigurations = (
				DB9B96301B3A52A700940D20 /* Debug */,
				DB9B96311B3A52A700940D20 /* Release */,
			);
			defaultConfigurationIsVisible = 0;
			defaultConfigurationName = Release;
		};
		DB9B96481B3A52E500940D20 /* Build configuration list for PBXNativeTarget "BlocksKit" */ = {
			isa = XCConfigurationList;
			buildConfigurations = (
				DB9B96491B3A52E500940D20 /* Debug */,
				DB9B964A1B3A52E500940D20 /* Release */,
			);
			defaultConfigurationIsVisible = 0;
			defaultConfigurationName = Release;
		};
		DB9B964B1B3A52E500940D20 /* Build configuration list for PBXNativeTarget "BlocksKitTests" */ = {
			isa = XCConfigurationList;
			buildConfigurations = (
				DB9B964C1B3A52E500940D20 /* Debug */,
				DB9B964D1B3A52E500940D20 /* Release */,
			);
			defaultConfigurationIsVisible = 0;
			defaultConfigurationName = Release;
		};
		DB9B96621B3A531F00940D20 /* Build configuration list for PBXNativeTarget "MobileBlocksKitLegacy" */ = {
			isa = XCConfigurationList;
			buildConfigurations = (
				DB9B96631B3A531F00940D20 /* Debug */,
				DB9B96641B3A531F00940D20 /* Release */,
			);
			defaultConfigurationIsVisible = 0;
			defaultConfigurationName = Release;
		};
		DBBDD1F51B3A553E008909B0 /* Build configuration list for PBXNativeTarget "BlocksKit Mac Demo" */ = {
			isa = XCConfigurationList;
			buildConfigurations = (
				DBBDD1F31B3A553E008909B0 /* Debug */,
				DBBDD1F41B3A553E008909B0 /* Release */,
			);
			defaultConfigurationIsVisible = 0;
			defaultConfigurationName = Release;
		};
/* End XCConfigurationList section */
	};
	rootObject = DB9B960F1B3A52A700940D20 /* Project object */;
}
